<?xml version="1.0" encoding="utf-8"?>
<Project ToolsVersion="4.0" xmlns="http://schemas.microsoft.com/developer/msbuild/2003">
  <ItemGroup>
    <ClCompile Include="main.cpp" />
    <ClCompile Include="..\..\Core\unity_build.cpp" />
  </ItemGroup>
  <ItemGroup>
    <Filter Include="ShaderPatches">
      <UniqueIdentifier>{ee266644-523c-4d84-8b99-b58764f4261e}</UniqueIdentifier>
    </Filter>
  </ItemGroup>
  <ItemGroup>
    <ClInclude Include="ShaderPatches\ShaderPatches.h">
      <Filter>ShaderPatches</Filter>
    </ClInclude>
    <ClInclude Include="stretchy_buffer.h" />
    <ClInclude Include="temporal_aa_depth.h" />
    <ClInclude Include="blue_noise.h" />
  </ItemGroup>
</Project>