
Microsoft Visual Studio Solution File, Format Version 12.00
# Visual Studio Version 18
VisualStudioVersion = 18.5.11626.173
MinimumVisualStudioVersion = 10.0.40219.1
Project("{8BC9CEB8-8B4A-11D0-8D11-00A0C91BC942}") = "Core", "Source\Core\Core.vcxproj", "{E0947F3A-8107-3BB4-83BE-9A22D419719E}"
EndProject
Project("{8BC9CEB8-8B4A-11D0-8D11-00A0C91BC942}") = "Prey", "Source\Games\Prey\Prey.vcxproj", "{3DA928FD-9A18-473E-8D05-F22B96A30197}"
EndProject
Project("{2150E333-8FDC-42A3-9474-1A3956D46DE8}") = "Games", "Games", "{02EA681E-C7D8-13C7-8484-4AC65E1B71E8}"
EndProject
Project("{8BC9CEB8-8B4A-11D0-8D11-00A0C91BC942}") = "_Template", "Source\Games\_Template\Template.vcxproj", "{08143144-3ABB-D7B3-815C-7A798924E8E6}"
EndProject
Project("{8BC9CEB8-8B4A-11D0-8D11-00A0C91BC942}") = "Quantum Break", "Source\Games\Quantum Break\Quantum Break.vcxproj", "{3898C29D-83BD-406E-B891-7E2D4BDB34DF}"
EndProject
Project("{8BC9CEB8-8B4A-11D0-8D11-00A0C91BC942}") = "Unity Engine", "Source\Games\Unity Engine\Unity Engine.vcxproj", "{14E5D475-764C-35B7-7A7F-EA9C910C41BB}"
EndProject
Project("{8BC9CEB8-8B4A-11D0-8D11-00A0C91BC942}") = "BioShock Series", "Source\Games\BioShock Series\BioShock Series.vcxproj", "{2D83616E-813C-DB05-0623-2E25145C8CCF}"
EndProject
Project("{8BC9CEB8-8B4A-11D0-8D11-00A0C91BC942}") = "Dishonored 2", "Source\Games\Dishonored 2\Dishonored 2.vcxproj", "{A2C1A344-DB26-1518-2783-C64CF97DD969}"
EndProject
Project("{8BC9CEB8-8B4A-11D0-8D11-00A0C91BC942}") = "Mafia III", "Source\Games\Mafia III\Mafia III.vcxproj", "{890ED9C4-668B-65B3-D953-37D85DF155AC}"
EndProject
Project("{8BC9CEB8-8B4A-11D0-8D11-00A0C91BC942}") = "Trine 5", "Source\Games\Trine 5\Trine 5.vcxproj", "{163BA26C-1EA0-EB05-F492-C8AF046A1F46}"
EndProject
Project("{8BC9CEB8-8B4A-11D0-8D11-00A0C91BC942}") = "Final Fantasy VII Remake", "Source\Games\Final Fantasy VII Remake\Final Fantasy VII Remake.vcxproj", "{32621FBE-EECA-480C-B110-57D73246398A}"
EndProject
Project("{8BC9CEB8-8B4A-11D0-8D11-00A0C91BC942}") = "Thief (2014)", "Source\Games\Thief (2014)\Thief (2014).vcxproj", "{91886F0A-E405-4386-9BBA-BF011C50922F}"
EndProject
Project("{8BC9CEB8-8B4A-11D0-8D11-00A0C91BC942}") = "Watch Dogs 2", "Source\Games\Watch Dogs 2\Watch Dogs 2.vcxproj", "{D7A1B6B7-9CD7-46D2-9C42-E913F85966D4}"
EndProject
Project("{8BC9CEB8-8B4A-11D0-8D11-00A0C91BC942}") = "Blue Reflection Second Light", "Source\Games\Blue Reflection Second Light\Blue Reflection Second Light.vcxproj", "{23A5A14B-C2CA-4474-BC00-39C22C0CF778}"
EndProject
Project("{8BC9CEB8-8B4A-11D0-8D11-00A0C91BC942}") = "L.A. Noire", "Source\Games\L.A. Noire\L.A. Noire.vcxproj", "{70AE6118-3F1D-463D-8D73-3C1528E4B838}"
EndProject
Project("{8BC9CEB8-8B4A-11D0-8D11-00A0C91BC942}") = "Lego City Undercover", "Source\Games\Lego City Undercover\Lego City Undercover.vcxproj", "{0C26082F-5EBC-4A4F-B700-056009698224}"
EndProject
Project("{8BC9CEB8-8B4A-11D0-8D11-00A0C91BC942}") = "Deus Ex Human Revolution Director's Cut", "Source\Games\Deus Ex Human Revolution Director's Cut\Deus Ex Human Revolution Director's Cut.vcxproj", "{6D7FE62D-347F-4331-AD21-82672EA4E434}"
EndProject
Project("{8BC9CEB8-8B4A-11D0-8D11-00A0C91BC942}") = "_Generic Mod", "Source\Games\_Generic Mod\Generic Mod.vcxproj", "{08143144-3ABB-D7B3-815C-7B798924E8E6}"
EndProject
Project("{8BC9CEB8-8B4A-11D0-8D11-00A0C91BC942}") = "Graphics Analyzer", "Source\Graphics Analyzer\Graphics Analyzer.vcxproj", "{08143144-3ABB-D7B3-815C-7C798924E8E6}"
EndProject
Project("{8BC9CEB8-8B4A-11D0-8D11-00A0C91BC942}") = "Thumper", "Source\Games\Thumper\Thumper.vcxproj", "{3C99EF50-7B5C-475C-9E13-F451F0D7A3A1}"
EndProject
Project("{8BC9CEB8-8B4A-11D0-8D11-00A0C91BC942}") = "Burnout Paradise Remastered", "Source\Games\Burnout Paradise Remastered\Burnout Paradise Remastered.vcxproj", "{5671B4DE-DD84-4FCC-890F-D5B7F5437E42}"
EndProject
Project("{8BC9CEB8-8B4A-11D0-8D11-00A0C91BC942}") = "Final Fantasy XV", "Source\Games\Final Fantasy XV\FFXV.vcxproj", "{8EF11F8D-FD8B-45E1-888E-CEEA5FFB316E}"
EndProject
Project("{8BC9CEB8-8B4A-11D0-8D11-00A0C91BC942}") = "Heavy Rain", "Source\Games\Heavy Rain\Heavy Rain.vcxproj", "{D58EB0ED-8EFA-4DB0-B2AD-B2D2A098873E}"
EndProject
Project("{8BC9CEB8-8B4A-11D0-8D11-00A0C91BC942}") = "Mafia II Definitive Edition", "Source\Games\Mafia II Definitive Edition\Mafia II Definitive Edition.vcxproj", "{5605BCCC-4F89-4AF3-984F-991105C32602}"
EndProject
Project("{8BC9CEB8-8B4A-11D0-8D11-00A0C91BC942}") = "INSIDE", "Source\Games\INSIDE\INSIDE.vcxproj", "{12A5D475-264C-35B7-7C7F-EA9C310C41BB}"
EndProject
Project("{8BC9CEB8-8B4A-11D0-8D11-00A0C91BC942}") = "Dying Light 2", "Source\Games\Dying Light 2\Dying Light 2.vcxproj", "{F4605338-43D9-473F-AD3E-A95380C8AD56}"
EndProject
Project("{8BC9CEB8-8B4A-11D0-8D11-00A0C91BC942}") = "Unreal Engine", "Source\Games\Unreal Engine\Unreal Engine.vcxproj", "{9DD802E8-588E-4955-9FF8-21A0F5B06F48}"
EndProject
Project("{8BC9CEB8-8B4A-11D0-8D11-00A0C91BC942}") = "Beyond Two Souls", "Source\Games\Beyond Two Souls\Beyond Two Souls.vcxproj", "{AAC35900-B655-4C8F-A622-CA47604EDC77}"
EndProject
Project("{8BC9CEB8-8B4A-11D0-8D11-00A0C91BC942}") = "Lara Croft and the Temple of Osiris", "Source\Games\Lara Croft and the Temple of Osiris\Lara Croft and the Temple of Osiris.vcxproj", "{F9E943B8-C7F9-4D0F-8C7D-96247449C7BE}"
EndProject
Project("{8BC9CEB8-8B4A-11D0-8D11-00A0C91BC942}") = "Mirror's Edge Catalyst", "Source\Games\Mirror's Edge Catalyst\Mirror's Edge Catalyst.vcxproj", "{3FA2F5A3-A442-4D06-8E63-003819CACFD8}"
EndProject
Project("{8BC9CEB8-8B4A-11D0-8D11-00A0C91BC942}") = "Just Cause 3", "Source\Games\Just Cause 3\Just Cause 3.vcxproj", "{67E4754D-609A-4713-B686-DBF6FBBBFC38}"
EndProject
Project("{8BC9CEB8-8B4A-11D0-8D11-00A0C91BC942}") = "Titanfall 2", "Source\Games\Titanfall 2\Titanfall 2.vcxproj", "{BFB6DD83-885E-4B08-A71F-BC0F90DD090E}"
EndProject
Project("{8BC9CEB8-8B4A-11D0-8D11-00A0C91BC942}") = "Shenmue I & II", "Source\Games\Shenmue I & II\Shenmue I & II.vcxproj", "{039E634A-718A-4C4A-AE7C-706BABC5212B}"
EndProject
Project("{8BC9CEB8-8B4A-11D0-8D11-00A0C91BC942}") = "Saints Row The Third Remastered", "Source\Games\Saints Row The Third Remastered\Saints Row The Third Remastered.vcxproj", "{E4CDFCCC-A554-41E7-ADC8-CEC5B43BD144}"
EndProject
Project("{8BC9CEB8-8B4A-11D0-8D11-00A0C91BC942}") = "Nioh", "Source\Games\Nioh\Nioh.vcxproj", "{597555CF-7003-4B06-8409-C3A0AC818E59}"
EndProject
Project("{8BC9CEB8-8B4A-11D0-8D11-00A0C91BC942}") = "NieR Automata", "Source\Games\NieR Automata\NieR Automata.vcxproj", "{457A69B6-422F-4E49-9EC0-111BF35941E1}"
EndProject
Project("{8BC9CEB8-8B4A-11D0-8D11-00A0C91BC942}") = "Vanquish", "Source\Games\Vanquish\Vanquish.vcxproj", "{51BFC834-EC5F-4F25-90DC-A2001E88B491}"
EndProject
Project("{8BC9CEB8-8B4A-11D0-8D11-00A0C91BC942}") = "Borderlands 2 and The Pre-Sequel", "Source\Games\Borderlands 2 and The Pre-Sequel\Borderlands 2 and The Pre-Sequel.vcxproj", "{56B56CAD-A792-42A8-B7CD-7CFE9FF7D402}"
EndProject
Project("{8BC9CEB8-8B4A-11D0-8D11-00A0C91BC942}") = "Project Diva Mega Mix", "Source\Games\Project Diva Mega Mix\Project Diva Mega Mix.vcxproj", "{E9C6A0CB-74CC-4202-855B-FA91EBA2104B}"
EndProject
Project("{8BC9CEB8-8B4A-11D0-8D11-00A0C91BC942}") = "Call of Duty Black Ops 3", "Source\Games\Call of Duty Black Ops 3\Call of Duty Black Ops 3.vcxproj", "{ADAE0E50-F63A-4FA5-BC6A-E1D974CC2D2C}"
EndProject
Project("{8BC9CEB8-8B4A-11D0-8D11-00A0C91BC942}") = "Granblue Fantasy Relink", "Source\Games\Granblue Fantasy Relink\Granblue Fantasy Relink.vcxproj", "{36D63B53-C40A-479C-94F9-FC93CBB49FEB}"
EndProject
Project("{8BC9CEB8-8B4A-11D0-8D11-00A0C91BC942}") = "Persona 5", "Source\Games\Persona 5\Persona 5.vcxproj", "{D947ACC3-CDAC-4227-8809-AABF39B1C75B}"
EndProject
Project("{8BC9CEB8-8B4A-11D0-8D11-00A0C91BC942}") = "Batman Arkham Knight", "Source\Games\Batman Arkham Knight\Batman Arkham Knight.vcxproj", "{5DDD2903-527F-4CB2-9EEB-D4BAD4253B71}"
EndProject
Project("{8BC9CEB8-8B4A-11D0-8D11-00A0C91BC942}") = "GreedFall", "Source\Games\GreedFall\GreedFall.vcxproj", "{E25F53A3-9BC6-4E7B-B652-023FDAFF167C}"
EndProject
Project("{8BC9CEB8-8B4A-11D0-8D11-00A0C91BC942}") = "Deus Ex Mankind Divided", "Source\Games\Deus Ex Mankind Divided\Deus Ex Mankind Divided.vcxproj", "{82505EE6-0256-4E89-B64A-227E87B9BE67}"
EndProject
Project("{8BC9CEB8-8B4A-11D0-8D11-00A0C91BC942}") = "Fallout 4", "Source\Games\Fallout 4\Fallout 4.vcxproj", "{13503E35-E42F-46B8-9342-9AAFCDE5333E}"
EndProject
Project("{8BC9CEB8-8B4A-11D0-8D11-00A0C91BC942}") = "Metro Redux", "Source\Games\Metro Redux\Metro Redux.vcxproj", "{528D5C48-3755-4BFD-8486-45B4C8B156C2}"
EndProject
Project("{8BC9CEB8-8B4A-11D0-8D11-00A0C91BC942}") = "Kingdom Come Deliverance", "Source\Games\Kingdom Come Deliverance\Kingdom Come Deliverance.vcxproj", "{3FAC4E39-0051-42AC-89D5-CA74C3D5961B}"
EndProject
Project("{8BC9CEB8-8B4A-11D0-8D11-00A0C91BC942}") = "Metaphor", "Source\Games\Metaphor\Metaphor.vcxproj", "{6CC6AE7C-9E02-4497-B397-897332ED4805}"
EndProject
Project("{8BC9CEB8-8B4A-11D0-8D11-00A0C91BC942}") = "Mortal Kombat 11", "Source\Games\Mortal Kombat 11\Mortal Kombat 11.vcxproj", "{8066E72F-C800-45D1-ADE9-F40D23430505}"
EndProject
Project("{8BC9CEB8-8B4A-11D0-8D11-00A0C91BC942}") = "Monster Hunter World", "Source\Games\Monster Hunter World\Monster Hunter World.vcxproj", "{5A0992EF-93A2-4565-86C1-11610EC27193}"
EndProject
Project("{8BC9CEB8-8B4A-11D0-8D11-00A0C91BC942}") = "Mass Effect Andromeda", "Source\Games\Mass Effect Andromeda\Mass Effect Andromeda.vcxproj", "{7FC545FF-0D9A-4F33-B0D2-7AF72239FBD4}"
EndProject
Project("{8BC9CEB8-8B4A-11D0-8D11-00A0C91BC942}") = "The Evil Within 2", "Source\Games\The Evil Within 2\The Evil Within 2.vcxproj", "{73FD1D51-5863-4617-B48A-F1C31AF79793}"
EndProject
Project("{8BC9CEB8-8B4A-11D0-8D11-00A0C91BC942}") = "Heaven Burns Red", "Source\Games\Heaven Burns Red\Heaven Burns Red.vcxproj", "{1180032D-8EEB-4A60-B120-E838393947DF}"
EndProject
Project("{8BC9CEB8-8B4A-11D0-8D11-00A0C91BC942}") = "Borderlands GOTY Enhanced", "Source\Games\Borderlands GOTY Enhanced\Borderlands GOTY Enhanced.vcxproj", "{B0DE12A4-5C7A-4E91-9F3B-08891303C0DE}"
EndProject
Project("{8BC9CEB8-8B4A-11D0-8D11-00A0C91BC942}") = "Middle-earth Shadow of War", "Source\Games\Middle-earth Shadow of War\Middle-earth Shadow of War.vcxproj", "{17FBB4FD-8E4E-4E61-AC32-BBEBA09B8D18}"
EndProject
Project("{8BC9CEB8-8B4A-11D0-8D11-00A0C91BC942}") = "Halo The Master Chief Collection", "Source\Games\Halo The Master Chief Collection\Halo The Master Chief Collection.vcxproj", "{6A95DCDD-FD5F-4064-B12C-F6602E31FEEE}"
EndProject
Global
	GlobalSection(SolutionConfigurationPlatforms) = preSolution
		Development-Debug|Win32 = Development-Debug|Win32
		Development-Debug|x64 = Development-Debug|x64
		Development-Release|Win32 = Development-Release|Win32
		Development-Release|x64 = Development-Release|x64
		Publishing-Release|Win32 = Publishing-Release|Win32
		Publishing-Release|x64 = Publishing-Release|x64
		Test-Release|Win32 = Test-Release|Win32
		Test-Release|x64 = Test-Release|x64
	EndGlobalSection
	GlobalSection(ProjectConfigurationPlatforms) = postSolution
		{E0947F3A-8107-3BB4-83BE-9A22D419719E}.Development-Debug|Win32.ActiveCfg = Development-Debug|Win32
		{E0947F3A-8107-3BB4-83BE-9A22D419719E}.Development-Debug|Win32.Build.0 = Development-Debug|Win32
		{E0947F3A-8107-3BB4-83BE-9A22D419719E}.Development-Debug|x64.ActiveCfg = Development-Debug|x64
		{E0947F3A-8107-3BB4-83BE-9A22D419719E}.Development-Debug|x64.Build.0 = Development-Debug|x64
		{E0947F3A-8107-3BB4-83BE-9A22D419719E}.Development-Release|Win32.ActiveCfg = Development-Release|Win32
		{E0947F3A-8107-3BB4-83BE-9A22D419719E}.Development-Release|Win32.Build.0 = Development-Release|Win32
		{E0947F3A-8107-3BB4-83BE-9A22D419719E}.Development-Release|x64.ActiveCfg = Development-Release|x64
		{E0947F3A-8107-3BB4-83BE-9A22D419719E}.Development-Release|x64.Build.0 = Development-Release|x64
		{E0947F3A-8107-3BB4-83BE-9A22D419719E}.Publishing-Release|Win32.ActiveCfg = Publishing-Release|Win32
		{E0947F3A-8107-3BB4-83BE-9A22D419719E}.Publishing-Release|Win32.Build.0 = Publishing-Release|Win32
		{E0947F3A-8107-3BB4-83BE-9A22D419719E}.Publishing-Release|x64.ActiveCfg = Publishing-Release|x64
		{E0947F3A-8107-3BB4-83BE-9A22D419719E}.Publishing-Release|x64.Build.0 = Publishing-Release|x64
		{E0947F3A-8107-3BB4-83BE-9A22D419719E}.Test-Release|Win32.ActiveCfg = Test-Release|Win32
		{E0947F3A-8107-3BB4-83BE-9A22D419719E}.Test-Release|Win32.Build.0 = Test-Release|Win32
		{E0947F3A-8107-3BB4-83BE-9A22D419719E}.Test-Release|x64.ActiveCfg = Test-Release|x64
		{E0947F3A-8107-3BB4-83BE-9A22D419719E}.Test-Release|x64.Build.0 = Test-Release|x64
		{3DA928FD-9A18-473E-8D05-F22B96A30197}.Development-Debug|Win32.ActiveCfg = Development-Debug|x64
		{3DA928FD-9A18-473E-8D05-F22B96A30197}.Development-Debug|x64.ActiveCfg = Development-Debug|x64
		{3DA928FD-9A18-473E-8D05-F22B96A30197}.Development-Debug|x64.Build.0 = Development-Debug|x64
		{3DA928FD-9A18-473E-8D05-F22B96A30197}.Development-Release|Win32.ActiveCfg = Development-Release|x64
		{3DA928FD-9A18-473E-8D05-F22B96A30197}.Development-Release|x64.ActiveCfg = Development-Release|x64
		{3DA928FD-9A18-473E-8D05-F22B96A30197}.Development-Release|x64.Build.0 = Development-Release|x64
		{3DA928FD-9A18-473E-8D05-F22B96A30197}.Publishing-Release|Win32.ActiveCfg = Publishing-Release|x64
		{3DA928FD-9A18-473E-8D05-F22B96A30197}.Publishing-Release|x64.ActiveCfg = Publishing-Release|x64
		{3DA928FD-9A18-473E-8D05-F22B96A30197}.Publishing-Release|x64.Build.0 = Publishing-Release|x64
		{3DA928FD-9A18-473E-8D05-F22B96A30197}.Test-Release|Win32.ActiveCfg = Test-Release|x64
		{3DA928FD-9A18-473E-8D05-F22B96A30197}.Test-Release|x64.ActiveCfg = Test-Release|x64
		{3DA928FD-9A18-473E-8D05-F22B96A30197}.Test-Release|x64.Build.0 = Test-Release|x64
		{08143144-3ABB-D7B3-815C-7A798924E8E6}.Development-Debug|Win32.ActiveCfg = Development-Debug|Win32
		{08143144-3ABB-D7B3-815C-7A798924E8E6}.Development-Debug|Win32.Build.0 = Development-Debug|Win32
		{08143144-3ABB-D7B3-815C-7A798924E8E6}.Development-Debug|x64.ActiveCfg = Development-Debug|x64
		{08143144-3ABB-D7B3-815C-7A798924E8E6}.Development-Debug|x64.Build.0 = Development-Debug|x64
		{08143144-3ABB-D7B3-815C-7A798924E8E6}.Development-Release|Win32.ActiveCfg = Development-Release|Win32
		{08143144-3ABB-D7B3-815C-7A798924E8E6}.Development-Release|Win32.Build.0 = Development-Release|Win32
		{08143144-3ABB-D7B3-815C-7A798924E8E6}.Development-Release|x64.ActiveCfg = Development-Release|x64
		{08143144-3ABB-D7B3-815C-7A798924E8E6}.Development-Release|x64.Build.0 = Development-Release|x64
		{08143144-3ABB-D7B3-815C-7A798924E8E6}.Publishing-Release|Win32.ActiveCfg = Publishing-Release|Win32
		{08143144-3ABB-D7B3-815C-7A798924E8E6}.Publishing-Release|Win32.Build.0 = Publishing-Release|Win32
		{08143144-3ABB-D7B3-815C-7A798924E8E6}.Publishing-Release|x64.ActiveCfg = Publishing-Release|x64
		{08143144-3ABB-D7B3-815C-7A798924E8E6}.Publishing-Release|x64.Build.0 = Publishing-Release|x64
		{08143144-3ABB-D7B3-815C-7A798924E8E6}.Test-Release|Win32.ActiveCfg = Test-Release|Win32
		{08143144-3ABB-D7B3-815C-7A798924E8E6}.Test-Release|Win32.Build.0 = Test-Release|Win32
		{08143144-3ABB-D7B3-815C-7A798924E8E6}.Test-Release|x64.ActiveCfg = Test-Release|x64
		{08143144-3ABB-D7B3-815C-7A798924E8E6}.Test-Release|x64.Build.0 = Test-Release|x64
		{3898C29D-83BD-406E-B891-7E2D4BDB34DF}.Development-Debug|Win32.ActiveCfg = Development-Debug|x64
		{3898C29D-83BD-406E-B891-7E2D4BDB34DF}.Development-Debug|x64.ActiveCfg = Development-Debug|x64
		{3898C29D-83BD-406E-B891-7E2D4BDB34DF}.Development-Debug|x64.Build.0 = Development-Debug|x64
		{3898C29D-83BD-406E-B891-7E2D4BDB34DF}.Development-Release|Win32.ActiveCfg = Development-Release|x64
		{3898C29D-83BD-406E-B891-7E2D4BDB34DF}.Development-Release|x64.ActiveCfg = Development-Release|x64
		{3898C29D-83BD-406E-B891-7E2D4BDB34DF}.Development-Release|x64.Build.0 = Development-Release|x64
		{3898C29D-83BD-406E-B891-7E2D4BDB34DF}.Publishing-Release|Win32.ActiveCfg = Publishing-Release|x64
		{3898C29D-83BD-406E-B891-7E2D4BDB34DF}.Publishing-Release|x64.ActiveCfg = Publishing-Release|x64
		{3898C29D-83BD-406E-B891-7E2D4BDB34DF}.Publishing-Release|x64.Build.0 = Publishing-Release|x64
		{3898C29D-83BD-406E-B891-7E2D4BDB34DF}.Test-Release|Win32.ActiveCfg = Test-Release|x64
		{3898C29D-83BD-406E-B891-7E2D4BDB34DF}.Test-Release|x64.ActiveCfg = Test-Release|x64
		{3898C29D-83BD-406E-B891-7E2D4BDB34DF}.Test-Release|x64.Build.0 = Test-Release|x64
		{14E5D475-764C-35B7-7A7F-EA9C910C41BB}.Development-Debug|Win32.ActiveCfg = Development-Debug|Win32
		{14E5D475-764C-35B7-7A7F-EA9C910C41BB}.Development-Debug|Win32.Build.0 = Development-Debug|Win32
		{14E5D475-764C-35B7-7A7F-EA9C910C41BB}.Development-Debug|x64.ActiveCfg = Development-Debug|x64
		{14E5D475-764C-35B7-7A7F-EA9C910C41BB}.Development-Debug|x64.Build.0 = Development-Debug|x64
		{14E5D475-764C-35B7-7A7F-EA9C910C41BB}.Development-Release|Win32.ActiveCfg = Development-Release|Win32
		{14E5D475-764C-35B7-7A7F-EA9C910C41BB}.Development-Release|Win32.Build.0 = Development-Release|Win32
		{14E5D475-764C-35B7-7A7F-EA9C910C41BB}.Development-Release|x64.ActiveCfg = Development-Release|x64
		{14E5D475-764C-35B7-7A7F-EA9C910C41BB}.Development-Release|x64.Build.0 = Development-Release|x64
		{14E5D475-764C-35B7-7A7F-EA9C910C41BB}.Publishing-Release|Win32.ActiveCfg = Publishing-Release|Win32
		{14E5D475-764C-35B7-7A7F-EA9C910C41BB}.Publishing-Release|Win32.Build.0 = Publishing-Release|Win32
		{14E5D475-764C-35B7-7A7F-EA9C910C41BB}.Publishing-Release|x64.ActiveCfg = Publishing-Release|x64
		{14E5D475-764C-35B7-7A7F-EA9C910C41BB}.Publishing-Release|x64.Build.0 = Publishing-Release|x64
		{14E5D475-764C-35B7-7A7F-EA9C910C41BB}.Test-Release|Win32.ActiveCfg = Test-Release|Win32
		{14E5D475-764C-35B7-7A7F-EA9C910C41BB}.Test-Release|Win32.Build.0 = Test-Release|Win32
		{14E5D475-764C-35B7-7A7F-EA9C910C41BB}.Test-Release|x64.ActiveCfg = Test-Release|x64
		{14E5D475-764C-35B7-7A7F-EA9C910C41BB}.Test-Release|x64.Build.0 = Test-Release|x64
		{2D83616E-813C-DB05-0623-2E25145C8CCF}.Development-Debug|Win32.ActiveCfg = Development-Debug|Win32
		{2D83616E-813C-DB05-0623-2E25145C8CCF}.Development-Debug|Win32.Build.0 = Development-Debug|Win32
		{2D83616E-813C-DB05-0623-2E25145C8CCF}.Development-Debug|x64.ActiveCfg = Development-Debug|Win32
		{2D83616E-813C-DB05-0623-2E25145C8CCF}.Development-Release|Win32.ActiveCfg = Development-Release|Win32
		{2D83616E-813C-DB05-0623-2E25145C8CCF}.Development-Release|Win32.Build.0 = Development-Release|Win32
		{2D83616E-813C-DB05-0623-2E25145C8CCF}.Development-Release|x64.ActiveCfg = Development-Release|Win32
		{2D83616E-813C-DB05-0623-2E25145C8CCF}.Publishing-Release|Win32.ActiveCfg = Publishing-Release|Win32
		{2D83616E-813C-DB05-0623-2E25145C8CCF}.Publishing-Release|Win32.Build.0 = Publishing-Release|Win32
		{2D83616E-813C-DB05-0623-2E25145C8CCF}.Publishing-Release|x64.ActiveCfg = Publishing-Release|Win32
		{2D83616E-813C-DB05-0623-2E25145C8CCF}.Test-Release|Win32.ActiveCfg = Test-Release|Win32
		{2D83616E-813C-DB05-0623-2E25145C8CCF}.Test-Release|Win32.Build.0 = Test-Release|Win32
		{2D83616E-813C-DB05-0623-2E25145C8CCF}.Test-Release|x64.ActiveCfg = Test-Release|Win32
		{A2C1A344-DB26-1518-2783-C64CF97DD969}.Development-Debug|Win32.ActiveCfg = Development-Debug|x64
		{A2C1A344-DB26-1518-2783-C64CF97DD969}.Development-Debug|x64.ActiveCfg = Development-Debug|x64
		{A2C1A344-DB26-1518-2783-C64CF97DD969}.Development-Debug|x64.Build.0 = Development-Debug|x64
		{A2C1A344-DB26-1518-2783-C64CF97DD969}.Development-Release|Win32.ActiveCfg = Development-Release|x64
		{A2C1A344-DB26-1518-2783-C64CF97DD969}.Development-Release|x64.ActiveCfg = Development-Release|x64
		{A2C1A344-DB26-1518-2783-C64CF97DD969}.Development-Release|x64.Build.0 = Development-Release|x64
		{A2C1A344-DB26-1518-2783-C64CF97DD969}.Publishing-Release|Win32.ActiveCfg = Publishing-Release|x64
		{A2C1A344-DB26-1518-2783-C64CF97DD969}.Publishing-Release|x64.ActiveCfg = Publishing-Release|x64
		{A2C1A344-DB26-1518-2783-C64CF97DD969}.Publishing-Release|x64.Build.0 = Publishing-Release|x64
		{A2C1A344-DB26-1518-2783-C64CF97DD969}.Test-Release|Win32.ActiveCfg = Test-Release|x64
		{A2C1A344-DB26-1518-2783-C64CF97DD969}.Test-Release|x64.ActiveCfg = Test-Release|x64
		{A2C1A344-DB26-1518-2783-C64CF97DD969}.Test-Release|x64.Build.0 = Test-Release|x64
		{890ED9C4-668B-65B3-D953-37D85DF155AC}.Development-Debug|Win32.ActiveCfg = Development-Debug|x64
		{890ED9C4-668B-65B3-D953-37D85DF155AC}.Development-Debug|x64.ActiveCfg = Development-Debug|x64
		{890ED9C4-668B-65B3-D953-37D85DF155AC}.Development-Debug|x64.Build.0 = Development-Debug|x64
		{890ED9C4-668B-65B3-D953-37D85DF155AC}.Development-Release|Win32.ActiveCfg = Development-Release|x64
		{890ED9C4-668B-65B3-D953-37D85DF155AC}.Development-Release|x64.ActiveCfg = Development-Release|x64
		{890ED9C4-668B-65B3-D953-37D85DF155AC}.Development-Release|x64.Build.0 = Development-Release|x64
		{890ED9C4-668B-65B3-D953-37D85DF155AC}.Publishing-Release|Win32.ActiveCfg = Publishing-Release|x64
		{890ED9C4-668B-65B3-D953-37D85DF155AC}.Publishing-Release|x64.ActiveCfg = Publishing-Release|x64
		{890ED9C4-668B-65B3-D953-37D85DF155AC}.Publishing-Release|x64.Build.0 = Publishing-Release|x64
		{890ED9C4-668B-65B3-D953-37D85DF155AC}.Test-Release|Win32.ActiveCfg = Test-Release|x64
		{890ED9C4-668B-65B3-D953-37D85DF155AC}.Test-Release|x64.ActiveCfg = Test-Release|x64
		{890ED9C4-668B-65B3-D953-37D85DF155AC}.Test-Release|x64.Build.0 = Test-Release|x64
		{163BA26C-1EA0-EB05-F492-C8AF046A1F46}.Development-Debug|Win32.ActiveCfg = Development-Debug|x64
		{163BA26C-1EA0-EB05-F492-C8AF046A1F46}.Development-Debug|x64.ActiveCfg = Development-Debug|x64
		{163BA26C-1EA0-EB05-F492-C8AF046A1F46}.Development-Debug|x64.Build.0 = Development-Debug|x64
		{163BA26C-1EA0-EB05-F492-C8AF046A1F46}.Development-Release|Win32.ActiveCfg = Development-Release|x64
		{163BA26C-1EA0-EB05-F492-C8AF046A1F46}.Development-Release|x64.ActiveCfg = Development-Release|x64
		{163BA26C-1EA0-EB05-F492-C8AF046A1F46}.Development-Release|x64.Build.0 = Development-Release|x64
		{163BA26C-1EA0-EB05-F492-C8AF046A1F46}.Publishing-Release|Win32.ActiveCfg = Publishing-Release|x64
		{163BA26C-1EA0-EB05-F492-C8AF046A1F46}.Publishing-Release|x64.ActiveCfg = Publishing-Release|x64
		{163BA26C-1EA0-EB05-F492-C8AF046A1F46}.Publishing-Release|x64.Build.0 = Publishing-Release|x64
		{163BA26C-1EA0-EB05-F492-C8AF046A1F46}.Test-Release|Win32.ActiveCfg = Test-Release|x64
		{163BA26C-1EA0-EB05-F492-C8AF046A1F46}.Test-Release|x64.ActiveCfg = Test-Release|x64
		{163BA26C-1EA0-EB05-F492-C8AF046A1F46}.Test-Release|x64.Build.0 = Test-Release|x64
		{32621FBE-EECA-480C-B110-57D73246398A}.Development-Debug|Win32.ActiveCfg = Development-Debug|x64
		{32621FBE-EECA-480C-B110-57D73246398A}.Development-Debug|x64.ActiveCfg = Development-Debug|x64
		{32621FBE-EECA-480C-B110-57D73246398A}.Development-Debug|x64.Build.0 = Development-Debug|x64
		{32621FBE-EECA-480C-B110-57D73246398A}.Development-Release|Win32.ActiveCfg = Development-Release|x64
		{32621FBE-EECA-480C-B110-57D73246398A}.Development-Release|x64.ActiveCfg = Development-Release|x64
		{32621FBE-EECA-480C-B110-57D73246398A}.Development-Release|x64.Build.0 = Development-Release|x64
		{32621FBE-EECA-480C-B110-57D73246398A}.Publishing-Release|Win32.ActiveCfg = Publishing-Release|x64
		{32621FBE-EECA-480C-B110-57D73246398A}.Publishing-Release|x64.ActiveCfg = Publishing-Release|x64
		{32621FBE-EECA-480C-B110-57D73246398A}.Publishing-Release|x64.Build.0 = Publishing-Release|x64
		{32621FBE-EECA-480C-B110-57D73246398A}.Test-Release|Win32.ActiveCfg = Test-Release|x64
		{32621FBE-EECA-480C-B110-57D73246398A}.Test-Release|x64.ActiveCfg = Test-Release|x64
		{32621FBE-EECA-480C-B110-57D73246398A}.Test-Release|x64.Build.0 = Test-Release|x64
		{91886F0A-E405-4386-9BBA-BF011C50922F}.Development-Debug|Win32.ActiveCfg = Development-Debug|x64
		{91886F0A-E405-4386-9BBA-BF011C50922F}.Development-Debug|x64.ActiveCfg = Development-Debug|x64
		{91886F0A-E405-4386-9BBA-BF011C50922F}.Development-Debug|x64.Build.0 = Development-Debug|x64
		{91886F0A-E405-4386-9BBA-BF011C50922F}.Development-Release|Win32.ActiveCfg = Development-Release|x64
		{91886F0A-E405-4386-9BBA-BF011C50922F}.Development-Release|x64.ActiveCfg = Development-Release|x64
		{91886F0A-E405-4386-9BBA-BF011C50922F}.Development-Release|x64.Build.0 = Development-Release|x64
		{91886F0A-E405-4386-9BBA-BF011C50922F}.Publishing-Release|Win32.ActiveCfg = Publishing-Release|x64
		{91886F0A-E405-4386-9BBA-BF011C50922F}.Publishing-Release|x64.ActiveCfg = Publishing-Release|x64
		{91886F0A-E405-4386-9BBA-BF011C50922F}.Publishing-Release|x64.Build.0 = Publishing-Release|x64
		{91886F0A-E405-4386-9BBA-BF011C50922F}.Test-Release|Win32.ActiveCfg = Test-Release|x64
		{91886F0A-E405-4386-9BBA-BF011C50922F}.Test-Release|x64.ActiveCfg = Test-Release|x64
		{91886F0A-E405-4386-9BBA-BF011C50922F}.Test-Release|x64.Build.0 = Test-Release|x64
		{D7A1B6B7-9CD7-46D2-9C42-E913F85966D4}.Development-Debug|Win32.ActiveCfg = Development-Debug|x64
		{D7A1B6B7-9CD7-46D2-9C42-E913F85966D4}.Development-Debug|x64.ActiveCfg = Development-Debug|x64
		{D7A1B6B7-9CD7-46D2-9C42-E913F85966D4}.Development-Debug|x64.Build.0 = Development-Debug|x64
		{D7A1B6B7-9CD7-46D2-9C42-E913F85966D4}.Development-Release|Win32.ActiveCfg = Development-Release|x64
		{D7A1B6B7-9CD7-46D2-9C42-E913F85966D4}.Development-Release|x64.ActiveCfg = Development-Release|x64
		{D7A1B6B7-9CD7-46D2-9C42-E913F85966D4}.Development-Release|x64.Build.0 = Development-Release|x64
		{D7A1B6B7-9CD7-46D2-9C42-E913F85966D4}.Publishing-Release|Win32.ActiveCfg = Publishing-Release|x64
		{D7A1B6B7-9CD7-46D2-9C42-E913F85966D4}.Publishing-Release|x64.ActiveCfg = Publishing-Release|x64
		{D7A1B6B7-9CD7-46D2-9C42-E913F85966D4}.Publishing-Release|x64.Build.0 = Publishing-Release|x64
		{D7A1B6B7-9CD7-46D2-9C42-E913F85966D4}.Test-Release|Win32.ActiveCfg = Test-Release|x64
		{D7A1B6B7-9CD7-46D2-9C42-E913F85966D4}.Test-Release|x64.ActiveCfg = Test-Release|x64
		{D7A1B6B7-9CD7-46D2-9C42-E913F85966D4}.Test-Release|x64.Build.0 = Test-Release|x64
		{23A5A14B-C2CA-4474-BC00-39C22C0CF778}.Development-Debug|Win32.ActiveCfg = Development-Debug|x64
		{23A5A14B-C2CA-4474-BC00-39C22C0CF778}.Development-Debug|x64.ActiveCfg = Development-Debug|x64
		{23A5A14B-C2CA-4474-BC00-39C22C0CF778}.Development-Debug|x64.Build.0 = Development-Debug|x64
		{23A5A14B-C2CA-4474-BC00-39C22C0CF778}.Development-Release|Win32.ActiveCfg = Development-Release|x64
		{23A5A14B-C2CA-4474-BC00-39C22C0CF778}.Development-Release|x64.ActiveCfg = Development-Release|x64
		{23A5A14B-C2CA-4474-BC00-39C22C0CF778}.Development-Release|x64.Build.0 = Development-Release|x64
		{23A5A14B-C2CA-4474-BC00-39C22C0CF778}.Publishing-Release|Win32.ActiveCfg = Publishing-Release|x64
		{23A5A14B-C2CA-4474-BC00-39C22C0CF778}.Publishing-Release|x64.ActiveCfg = Publishing-Release|x64
		{23A5A14B-C2CA-4474-BC00-39C22C0CF778}.Publishing-Release|x64.Build.0 = Publishing-Release|x64
		{23A5A14B-C2CA-4474-BC00-39C22C0CF778}.Test-Release|Win32.ActiveCfg = Test-Release|x64
		{23A5A14B-C2CA-4474-BC00-39C22C0CF778}.Test-Release|x64.ActiveCfg = Test-Release|x64
		{23A5A14B-C2CA-4474-BC00-39C22C0CF778}.Test-Release|x64.Build.0 = Test-Release|x64
		{70AE6118-3F1D-463D-8D73-3C1528E4B838}.Development-Debug|Win32.ActiveCfg = Development-Debug|Win32
		{70AE6118-3F1D-463D-8D73-3C1528E4B838}.Development-Debug|Win32.Build.0 = Development-Debug|Win32
		{70AE6118-3F1D-463D-8D73-3C1528E4B838}.Development-Debug|x64.ActiveCfg = Development-Debug|Win32
		{70AE6118-3F1D-463D-8D73-3C1528E4B838}.Development-Release|Win32.ActiveCfg = Development-Release|Win32
		{70AE6118-3F1D-463D-8D73-3C1528E4B838}.Development-Release|Win32.Build.0 = Development-Release|Win32
		{70AE6118-3F1D-463D-8D73-3C1528E4B838}.Development-Release|x64.ActiveCfg = Development-Release|Win32
		{70AE6118-3F1D-463D-8D73-3C1528E4B838}.Publishing-Release|Win32.ActiveCfg = Publishing-Release|Win32
		{70AE6118-3F1D-463D-8D73-3C1528E4B838}.Publishing-Release|Win32.Build.0 = Publishing-Release|Win32
		{70AE6118-3F1D-463D-8D73-3C1528E4B838}.Publishing-Release|x64.ActiveCfg = Publishing-Release|Win32
		{70AE6118-3F1D-463D-8D73-3C1528E4B838}.Test-Release|Win32.ActiveCfg = Test-Release|Win32
		{70AE6118-3F1D-463D-8D73-3C1528E4B838}.Test-Release|Win32.Build.0 = Test-Release|Win32
		{70AE6118-3F1D-463D-8D73-3C1528E4B838}.Test-Release|x64.ActiveCfg = Test-Release|Win32
		{0C26082F-5EBC-4A4F-B700-056009698224}.Development-Debug|Win32.ActiveCfg = Development-Debug|x64
		{0C26082F-5EBC-4A4F-B700-056009698224}.Development-Debug|x64.ActiveCfg = Development-Debug|x64
		{0C26082F-5EBC-4A4F-B700-056009698224}.Development-Debug|x64.Build.0 = Development-Debug|x64
		{0C26082F-5EBC-4A4F-B700-056009698224}.Development-Release|Win32.ActiveCfg = Development-Release|x64
		{0C26082F-5EBC-4A4F-B700-056009698224}.Development-Release|x64.ActiveCfg = Development-Release|x64
		{0C26082F-5EBC-4A4F-B700-056009698224}.Development-Release|x64.Build.0 = Development-Release|x64
		{0C26082F-5EBC-4A4F-B700-056009698224}.Publishing-Release|Win32.ActiveCfg = Publishing-Release|x64
		{0C26082F-5EBC-4A4F-B700-056009698224}.Publishing-Release|x64.ActiveCfg = Publishing-Release|x64
		{0C26082F-5EBC-4A4F-B700-056009698224}.Publishing-Release|x64.Build.0 = Publishing-Release|x64
		{0C26082F-5EBC-4A4F-B700-056009698224}.Test-Release|Win32.ActiveCfg = Test-Release|x64
		{0C26082F-5EBC-4A4F-B700-056009698224}.Test-Release|x64.ActiveCfg = Test-Release|x64
		{0C26082F-5EBC-4A4F-B700-056009698224}.Test-Release|x64.Build.0 = Test-Release|x64
		{6D7FE62D-347F-4331-AD21-82672EA4E434}.Development-Debug|Win32.ActiveCfg = Development-Debug|Win32
		{6D7FE62D-347F-4331-AD21-82672EA4E434}.Development-Debug|Win32.Build.0 = Development-Debug|Win32
		{6D7FE62D-347F-4331-AD21-82672EA4E434}.Development-Debug|x64.ActiveCfg = Development-Debug|Win32
		{6D7FE62D-347F-4331-AD21-82672EA4E434}.Development-Release|Win32.ActiveCfg = Development-Release|Win32
		{6D7FE62D-347F-4331-AD21-82672EA4E434}.Development-Release|Win32.Build.0 = Development-Release|Win32
		{6D7FE62D-347F-4331-AD21-82672EA4E434}.Development-Release|x64.ActiveCfg = Development-Release|Win32
		{6D7FE62D-347F-4331-AD21-82672EA4E434}.Publishing-Release|Win32.ActiveCfg = Publishing-Release|Win32
		{6D7FE62D-347F-4331-AD21-82672EA4E434}.Publishing-Release|Win32.Build.0 = Publishing-Release|Win32
		{6D7FE62D-347F-4331-AD21-82672EA4E434}.Publishing-Release|x64.ActiveCfg = Publishing-Release|Win32
		{6D7FE62D-347F-4331-AD21-82672EA4E434}.Test-Release|Win32.ActiveCfg = Test-Release|Win32
		{6D7FE62D-347F-4331-AD21-82672EA4E434}.Test-Release|Win32.Build.0 = Test-Release|Win32
		{6D7FE62D-347F-4331-AD21-82672EA4E434}.Test-Release|x64.ActiveCfg = Test-Release|Win32
		{08143144-3ABB-D7B3-815C-7B798924E8E6}.Development-Debug|Win32.ActiveCfg = Development-Debug|Win32
		{08143144-3ABB-D7B3-815C-7B798924E8E6}.Development-Debug|Win32.Build.0 = Development-Debug|Win32
		{08143144-3ABB-D7B3-815C-7B798924E8E6}.Development-Debug|x64.ActiveCfg = Development-Debug|x64
		{08143144-3ABB-D7B3-815C-7B798924E8E6}.Development-Debug|x64.Build.0 = Development-Debug|x64
		{08143144-3ABB-D7B3-815C-7B798924E8E6}.Development-Release|Win32.ActiveCfg = Development-Release|Win32
		{08143144-3ABB-D7B3-815C-7B798924E8E6}.Development-Release|Win32.Build.0 = Development-Release|Win32
		{08143144-3ABB-D7B3-815C-7B798924E8E6}.Development-Release|x64.ActiveCfg = Development-Release|x64
		{08143144-3ABB-D7B3-815C-7B798924E8E6}.Development-Release|x64.Build.0 = Development-Release|x64
		{08143144-3ABB-D7B3-815C-7B798924E8E6}.Publishing-Release|Win32.ActiveCfg = Publishing-Release|Win32
		{08143144-3ABB-D7B3-815C-7B798924E8E6}.Publishing-Release|Win32.Build.0 = Publishing-Release|Win32
		{08143144-3ABB-D7B3-815C-7B798924E8E6}.Publishing-Release|x64.ActiveCfg = Publishing-Release|x64
		{08143144-3ABB-D7B3-815C-7B798924E8E6}.Publishing-Release|x64.Build.0 = Publishing-Release|x64
		{08143144-3ABB-D7B3-815C-7B798924E8E6}.Test-Release|Win32.ActiveCfg = Test-Release|Win32
		{08143144-3ABB-D7B3-815C-7B798924E8E6}.Test-Release|Win32.Build.0 = Test-Release|Win32
		{08143144-3ABB-D7B3-815C-7B798924E8E6}.Test-Release|x64.ActiveCfg = Test-Release|x64
		{08143144-3ABB-D7B3-815C-7B798924E8E6}.Test-Release|x64.Build.0 = Test-Release|x64
		{08143144-3ABB-D7B3-815C-7C798924E8E6}.Development-Debug|Win32.ActiveCfg = Development-Debug|Win32
		{08143144-3ABB-D7B3-815C-7C798924E8E6}.Development-Debug|Win32.Build.0 = Development-Debug|Win32
		{08143144-3ABB-D7B3-815C-7C798924E8E6}.Development-Debug|x64.ActiveCfg = Development-Debug|x64
		{08143144-3ABB-D7B3-815C-7C798924E8E6}.Development-Debug|x64.Build.0 = Development-Debug|x64
		{08143144-3ABB-D7B3-815C-7C798924E8E6}.Development-Release|Win32.ActiveCfg = Development-Release|Win32
		{08143144-3ABB-D7B3-815C-7C798924E8E6}.Development-Release|Win32.Build.0 = Development-Release|Win32
		{08143144-3ABB-D7B3-815C-7C798924E8E6}.Development-Release|x64.ActiveCfg = Development-Release|x64
		{08143144-3ABB-D7B3-815C-7C798924E8E6}.Development-Release|x64.Build.0 = Development-Release|x64
		{08143144-3ABB-D7B3-815C-7C798924E8E6}.Publishing-Release|Win32.ActiveCfg = Publishing-Release|Win32
		{08143144-3ABB-D7B3-815C-7C798924E8E6}.Publishing-Release|Win32.Build.0 = Publishing-Release|Win32
		{08143144-3ABB-D7B3-815C-7C798924E8E6}.Publishing-Release|x64.ActiveCfg = Publishing-Release|x64
		{08143144-3ABB-D7B3-815C-7C798924E8E6}.Publishing-Release|x64.Build.0 = Publishing-Release|x64
		{08143144-3ABB-D7B3-815C-7C798924E8E6}.Test-Release|Win32.ActiveCfg = Test-Release|Win32
		{08143144-3ABB-D7B3-815C-7C798924E8E6}.Test-Release|Win32.Build.0 = Test-Release|Win32
		{08143144-3ABB-D7B3-815C-7C798924E8E6}.Test-Release|x64.ActiveCfg = Test-Release|x64
		{08143144-3ABB-D7B3-815C-7C798924E8E6}.Test-Release|x64.Build.0 = Test-Release|x64
		{3C99EF50-7B5C-475C-9E13-F451F0D7A3A1}.Development-Debug|Win32.ActiveCfg = Development-Debug|x64
		{3C99EF50-7B5C-475C-9E13-F451F0D7A3A1}.Development-Debug|x64.ActiveCfg = Development-Debug|x64
		{3C99EF50-7B5C-475C-9E13-F451F0D7A3A1}.Development-Debug|x64.Build.0 = Development-Debug|x64
		{3C99EF50-7B5C-475C-9E13-F451F0D7A3A1}.Development-Release|Win32.ActiveCfg = Development-Release|x64
		{3C99EF50-7B5C-475C-9E13-F451F0D7A3A1}.Development-Release|x64.ActiveCfg = Development-Release|x64
		{3C99EF50-7B5C-475C-9E13-F451F0D7A3A1}.Development-Release|x64.Build.0 = Development-Release|x64
		{3C99EF50-7B5C-475C-9E13-F451F0D7A3A1}.Publishing-Release|Win32.ActiveCfg = Publishing-Release|x64
		{3C99EF50-7B5C-475C-9E13-F451F0D7A3A1}.Publishing-Release|x64.ActiveCfg = Publishing-Release|x64
		{3C99EF50-7B5C-475C-9E13-F451F0D7A3A1}.Publishing-Release|x64.Build.0 = Publishing-Release|x64
		{3C99EF50-7B5C-475C-9E13-F451F0D7A3A1}.Test-Release|Win32.ActiveCfg = Test-Release|x64
		{3C99EF50-7B5C-475C-9E13-F451F0D7A3A1}.Test-Release|x64.ActiveCfg = Test-Release|x64
		{3C99EF50-7B5C-475C-9E13-F451F0D7A3A1}.Test-Release|x64.Build.0 = Test-Release|x64
		{5671B4DE-DD84-4FCC-890F-D5B7F5437E42}.Development-Debug|Win32.ActiveCfg = Development-Debug|Win32
		{5671B4DE-DD84-4FCC-890F-D5B7F5437E42}.Development-Debug|Win32.Build.0 = Development-Debug|Win32
		{5671B4DE-DD84-4FCC-890F-D5B7F5437E42}.Development-Debug|x64.ActiveCfg = Development-Debug|Win32
		{5671B4DE-DD84-4FCC-890F-D5B7F5437E42}.Development-Release|Win32.ActiveCfg = Development-Release|Win32
		{5671B4DE-DD84-4FCC-890F-D5B7F5437E42}.Development-Release|Win32.Build.0 = Development-Release|Win32
		{5671B4DE-DD84-4FCC-890F-D5B7F5437E42}.Development-Release|x64.ActiveCfg = Development-Release|Win32
		{5671B4DE-DD84-4FCC-890F-D5B7F5437E42}.Publishing-Release|Win32.ActiveCfg = Publishing-Release|Win32
		{5671B4DE-DD84-4FCC-890F-D5B7F5437E42}.Publishing-Release|Win32.Build.0 = Publishing-Release|Win32
		{5671B4DE-DD84-4FCC-890F-D5B7F5437E42}.Publishing-Release|x64.ActiveCfg = Publishing-Release|Win32
		{5671B4DE-DD84-4FCC-890F-D5B7F5437E42}.Test-Release|Win32.ActiveCfg = Test-Release|Win32
		{5671B4DE-DD84-4FCC-890F-D5B7F5437E42}.Test-Release|Win32.Build.0 = Test-Release|Win32
		{5671B4DE-DD84-4FCC-890F-D5B7F5437E42}.Test-Release|x64.ActiveCfg = Test-Release|Win32
		{8EF11F8D-FD8B-45E1-888E-CEEA5FFB316E}.Development-Debug|Win32.ActiveCfg = Development-Debug|x64
		{8EF11F8D-FD8B-45E1-888E-CEEA5FFB316E}.Development-Debug|x64.ActiveCfg = Development-Debug|x64
		{8EF11F8D-FD8B-45E1-888E-CEEA5FFB316E}.Development-Debug|x64.Build.0 = Development-Debug|x64
		{8EF11F8D-FD8B-45E1-888E-CEEA5FFB316E}.Development-Release|Win32.ActiveCfg = Development-Release|x64
		{8EF11F8D-FD8B-45E1-888E-CEEA5FFB316E}.Development-Release|x64.ActiveCfg = Development-Release|x64
		{8EF11F8D-FD8B-45E1-888E-CEEA5FFB316E}.Development-Release|x64.Build.0 = Development-Release|x64
		{8EF11F8D-FD8B-45E1-888E-CEEA5FFB316E}.Publishing-Release|Win32.ActiveCfg = Publishing-Release|x64
		{8EF11F8D-FD8B-45E1-888E-CEEA5FFB316E}.Publishing-Release|x64.ActiveCfg = Publishing-Release|x64
		{8EF11F8D-FD8B-45E1-888E-CEEA5FFB316E}.Publishing-Release|x64.Build.0 = Publishing-Release|x64
		{8EF11F8D-FD8B-45E1-888E-CEEA5FFB316E}.Test-Release|Win32.ActiveCfg = Test-Release|x64
		{8EF11F8D-FD8B-45E1-888E-CEEA5FFB316E}.Test-Release|x64.ActiveCfg = Test-Release|x64
		{8EF11F8D-FD8B-45E1-888E-CEEA5FFB316E}.Test-Release|x64.Build.0 = Test-Release|x64
		{D58EB0ED-8EFA-4DB0-B2AD-B2D2A098873E}.Development-Debug|Win32.ActiveCfg = Development-Debug|x64
		{D58EB0ED-8EFA-4DB0-B2AD-B2D2A098873E}.Development-Debug|x64.ActiveCfg = Development-Debug|x64
		{D58EB0ED-8EFA-4DB0-B2AD-B2D2A098873E}.Development-Debug|x64.Build.0 = Development-Debug|x64
		{D58EB0ED-8EFA-4DB0-B2AD-B2D2A098873E}.Development-Release|Win32.ActiveCfg = Development-Release|x64
		{D58EB0ED-8EFA-4DB0-B2AD-B2D2A098873E}.Development-Release|x64.ActiveCfg = Development-Release|x64
		{D58EB0ED-8EFA-4DB0-B2AD-B2D2A098873E}.Development-Release|x64.Build.0 = Development-Release|x64
		{D58EB0ED-8EFA-4DB0-B2AD-B2D2A098873E}.Publishing-Release|Win32.ActiveCfg = Publishing-Release|x64
		{D58EB0ED-8EFA-4DB0-B2AD-B2D2A098873E}.Publishing-Release|x64.ActiveCfg = Publishing-Release|x64
		{D58EB0ED-8EFA-4DB0-B2AD-B2D2A098873E}.Publishing-Release|x64.Build.0 = Publishing-Release|x64
		{D58EB0ED-8EFA-4DB0-B2AD-B2D2A098873E}.Test-Release|Win32.ActiveCfg = Test-Release|x64
		{D58EB0ED-8EFA-4DB0-B2AD-B2D2A098873E}.Test-Release|x64.ActiveCfg = Test-Release|x64
		{D58EB0ED-8EFA-4DB0-B2AD-B2D2A098873E}.Test-Release|x64.Build.0 = Test-Release|x64
		{5605BCCC-4F89-4AF3-984F-991105C32602}.Development-Debug|Win32.ActiveCfg = Development-Debug|x64
		{5605BCCC-4F89-4AF3-984F-991105C32602}.Development-Debug|x64.ActiveCfg = Development-Debug|x64
		{5605BCCC-4F89-4AF3-984F-991105C32602}.Development-Debug|x64.Build.0 = Development-Debug|x64
		{5605BCCC-4F89-4AF3-984F-991105C32602}.Development-Release|Win32.ActiveCfg = Development-Release|x64
		{5605BCCC-4F89-4AF3-984F-991105C32602}.Development-Release|x64.ActiveCfg = Development-Release|x64
		{5605BCCC-4F89-4AF3-984F-991105C32602}.Development-Release|x64.Build.0 = Development-Release|x64
		{5605BCCC-4F89-4AF3-984F-991105C32602}.Publishing-Release|Win32.ActiveCfg = Publishing-Release|x64
		{5605BCCC-4F89-4AF3-984F-991105C32602}.Publishing-Release|x64.ActiveCfg = Publishing-Release|x64
		{5605BCCC-4F89-4AF3-984F-991105C32602}.Publishing-Release|x64.Build.0 = Publishing-Release|x64
		{5605BCCC-4F89-4AF3-984F-991105C32602}.Test-Release|Win32.ActiveCfg = Test-Release|x64
		{5605BCCC-4F89-4AF3-984F-991105C32602}.Test-Release|x64.ActiveCfg = Test-Release|x64
		{5605BCCC-4F89-4AF3-984F-991105C32602}.Test-Release|x64.Build.0 = Test-Release|x64
		{12A5D475-264C-35B7-7C7F-EA9C310C41BB}.Development-Debug|Win32.ActiveCfg = Development-Debug|x64
		{12A5D475-264C-35B7-7C7F-EA9C310C41BB}.Development-Debug|x64.ActiveCfg = Development-Debug|x64
		{12A5D475-264C-35B7-7C7F-EA9C310C41BB}.Development-Debug|x64.Build.0 = Development-Debug|x64
		{12A5D475-264C-35B7-7C7F-EA9C310C41BB}.Development-Release|Win32.ActiveCfg = Development-Release|x64
		{12A5D475-264C-35B7-7C7F-EA9C310C41BB}.Development-Release|x64.ActiveCfg = Development-Release|x64
		{12A5D475-264C-35B7-7C7F-EA9C310C41BB}.Development-Release|x64.Build.0 = Development-Release|x64
		{12A5D475-264C-35B7-7C7F-EA9C310C41BB}.Publishing-Release|Win32.ActiveCfg = Publishing-Release|x64
		{12A5D475-264C-35B7-7C7F-EA9C310C41BB}.Publishing-Release|x64.ActiveCfg = Publishing-Release|x64
		{12A5D475-264C-35B7-7C7F-EA9C310C41BB}.Publishing-Release|x64.Build.0 = Publishing-Release|x64
		{12A5D475-264C-35B7-7C7F-EA9C310C41BB}.Test-Release|Win32.ActiveCfg = Test-Release|x64
		{12A5D475-264C-35B7-7C7F-EA9C310C41BB}.Test-Release|x64.ActiveCfg = Test-Release|x64
		{12A5D475-264C-35B7-7C7F-EA9C310C41BB}.Test-Release|x64.Build.0 = Test-Release|x64
		{F4605338-43D9-473F-AD3E-A95380C8AD56}.Development-Debug|Win32.ActiveCfg = Development-Debug|x64
		{F4605338-43D9-473F-AD3E-A95380C8AD56}.Development-Debug|x64.ActiveCfg = Development-Debug|x64
		{F4605338-43D9-473F-AD3E-A95380C8AD56}.Development-Debug|x64.Build.0 = Development-Debug|x64
		{F4605338-43D9-473F-AD3E-A95380C8AD56}.Development-Release|Win32.ActiveCfg = Development-Release|x64
		{F4605338-43D9-473F-AD3E-A95380C8AD56}.Development-Release|x64.ActiveCfg = Development-Release|x64
		{F4605338-43D9-473F-AD3E-A95380C8AD56}.Development-Release|x64.Build.0 = Development-Release|x64
		{F4605338-43D9-473F-AD3E-A95380C8AD56}.Publishing-Release|Win32.ActiveCfg = Publishing-Release|x64
		{F4605338-43D9-473F-AD3E-A95380C8AD56}.Publishing-Release|x64.ActiveCfg = Publishing-Release|x64
		{F4605338-43D9-473F-AD3E-A95380C8AD56}.Publishing-Release|x64.Build.0 = Publishing-Release|x64
		{F4605338-43D9-473F-AD3E-A95380C8AD56}.Test-Release|Win32.ActiveCfg = Test-Release|x64
		{F4605338-43D9-473F-AD3E-A95380C8AD56}.Test-Release|x64.ActiveCfg = Test-Release|x64
		{F4605338-43D9-473F-AD3E-A95380C8AD56}.Test-Release|x64.Build.0 = Test-Release|x64
		{9DD802E8-588E-4955-9FF8-21A0F5B06F48}.Development-Debug|Win32.ActiveCfg = Development-Debug|x64
		{9DD802E8-588E-4955-9FF8-21A0F5B06F48}.Development-Debug|x64.ActiveCfg = Development-Debug|x64
		{9DD802E8-588E-4955-9FF8-21A0F5B06F48}.Development-Debug|x64.Build.0 = Development-Debug|x64
		{9DD802E8-588E-4955-9FF8-21A0F5B06F48}.Development-Release|Win32.ActiveCfg = Development-Release|x64
		{9DD802E8-588E-4955-9FF8-21A0F5B06F48}.Development-Release|x64.ActiveCfg = Development-Release|x64
		{9DD802E8-588E-4955-9FF8-21A0F5B06F48}.Development-Release|x64.Build.0 = Development-Release|x64
		{9DD802E8-588E-4955-9FF8-21A0F5B06F48}.Publishing-Release|Win32.ActiveCfg = Publishing-Release|x64
		{9DD802E8-588E-4955-9FF8-21A0F5B06F48}.Publishing-Release|x64.ActiveCfg = Publishing-Release|x64
		{9DD802E8-588E-4955-9FF8-21A0F5B06F48}.Publishing-Release|x64.Build.0 = Publishing-Release|x64
		{9DD802E8-588E-4955-9FF8-21A0F5B06F48}.Test-Release|Win32.ActiveCfg = Test-Release|x64
		{9DD802E8-588E-4955-9FF8-21A0F5B06F48}.Test-Release|x64.ActiveCfg = Test-Release|x64
		{9DD802E8-588E-4955-9FF8-21A0F5B06F48}.Test-Release|x64.Build.0 = Test-Release|x64
		{AAC35900-B655-4C8F-A622-CA47604EDC77}.Development-Debug|Win32.ActiveCfg = Development-Debug|x64
		{AAC35900-B655-4C8F-A622-CA47604EDC77}.Development-Debug|x64.ActiveCfg = Development-Debug|x64
		{AAC35900-B655-4C8F-A622-CA47604EDC77}.Development-Debug|x64.Build.0 = Development-Debug|x64
		{AAC35900-B655-4C8F-A622-CA47604EDC77}.Development-Release|Win32.ActiveCfg = Development-Release|x64
		{AAC35900-B655-4C8F-A622-CA47604EDC77}.Development-Release|x64.ActiveCfg = Development-Release|x64
		{AAC35900-B655-4C8F-A622-CA47604EDC77}.Development-Release|x64.Build.0 = Development-Release|x64
		{AAC35900-B655-4C8F-A622-CA47604EDC77}.Publishing-Release|Win32.ActiveCfg = Publishing-Release|x64
		{AAC35900-B655-4C8F-A622-CA47604EDC77}.Publishing-Release|x64.ActiveCfg = Publishing-Release|x64
		{AAC35900-B655-4C8F-A622-CA47604EDC77}.Publishing-Release|x64.Build.0 = Publishing-Release|x64
		{AAC35900-B655-4C8F-A622-CA47604EDC77}.Test-Release|Win32.ActiveCfg = Test-Release|x64
		{AAC35900-B655-4C8F-A622-CA47604EDC77}.Test-Release|x64.ActiveCfg = Test-Release|x64
		{AAC35900-B655-4C8F-A622-CA47604EDC77}.Test-Release|x64.Build.0 = Test-Release|x64
		{F9E943B8-C7F9-4D0F-8C7D-96247449C7BE}.Development-Debug|Win32.ActiveCfg = Development-Debug|Win32
		{F9E943B8-C7F9-4D0F-8C7D-96247449C7BE}.Development-Debug|Win32.Build.0 = Development-Debug|Win32
		{F9E943B8-C7F9-4D0F-8C7D-96247449C7BE}.Development-Debug|x64.ActiveCfg = Development-Debug|Win32
		{F9E943B8-C7F9-4D0F-8C7D-96247449C7BE}.Development-Release|Win32.ActiveCfg = Development-Release|Win32
		{F9E943B8-C7F9-4D0F-8C7D-96247449C7BE}.Development-Release|Win32.Build.0 = Development-Release|Win32
		{F9E943B8-C7F9-4D0F-8C7D-96247449C7BE}.Development-Release|x64.ActiveCfg = Development-Release|Win32
		{F9E943B8-C7F9-4D0F-8C7D-96247449C7BE}.Publishing-Release|Win32.ActiveCfg = Publishing-Release|Win32
		{F9E943B8-C7F9-4D0F-8C7D-96247449C7BE}.Publishing-Release|Win32.Build.0 = Publishing-Release|Win32
		{F9E943B8-C7F9-4D0F-8C7D-96247449C7BE}.Publishing-Release|x64.ActiveCfg = Publishing-Release|Win32
		{F9E943B8-C7F9-4D0F-8C7D-96247449C7BE}.Test-Release|Win32.ActiveCfg = Test-Release|Win32
		{F9E943B8-C7F9-4D0F-8C7D-96247449C7BE}.Test-Release|Win32.Build.0 = Test-Release|Win32
		{F9E943B8-C7F9-4D0F-8C7D-96247449C7BE}.Test-Release|x64.ActiveCfg = Test-Release|Win32
		{3FA2F5A3-A442-4D06-8E63-003819CACFD8}.Development-Debug|Win32.ActiveCfg = Development-Debug|x64
		{3FA2F5A3-A442-4D06-8E63-003819CACFD8}.Development-Debug|x64.ActiveCfg = Development-Debug|x64
		{3FA2F5A3-A442-4D06-8E63-003819CACFD8}.Development-Debug|x64.Build.0 = Development-Debug|x64
		{3FA2F5A3-A442-4D06-8E63-003819CACFD8}.Development-Release|Win32.ActiveCfg = Development-Release|x64
		{3FA2F5A3-A442-4D06-8E63-003819CACFD8}.Development-Release|x64.ActiveCfg = Development-Release|x64
		{3FA2F5A3-A442-4D06-8E63-003819CACFD8}.Development-Release|x64.Build.0 = Development-Release|x64
		{3FA2F5A3-A442-4D06-8E63-003819CACFD8}.Publishing-Release|Win32.ActiveCfg = Publishing-Release|x64
		{3FA2F5A3-A442-4D06-8E63-003819CACFD8}.Publishing-Release|x64.ActiveCfg = Publishing-Release|x64
		{3FA2F5A3-A442-4D06-8E63-003819CACFD8}.Publishing-Release|x64.Build.0 = Publishing-Release|x64
		{3FA2F5A3-A442-4D06-8E63-003819CACFD8}.Test-Release|Win32.ActiveCfg = Test-Release|x64
		{3FA2F5A3-A442-4D06-8E63-003819CACFD8}.Test-Release|x64.ActiveCfg = Test-Release|x64
		{3FA2F5A3-A442-4D06-8E63-003819CACFD8}.Test-Release|x64.Build.0 = Test-Release|x64
		{67E4754D-609A-4713-B686-DBF6FBBBFC38}.Development-Debug|Win32.ActiveCfg = Development-Debug|x64
		{67E4754D-609A-4713-B686-DBF6FBBBFC38}.Development-Debug|x64.ActiveCfg = Development-Debug|x64
		{67E4754D-609A-4713-B686-DBF6FBBBFC38}.Development-Debug|x64.Build.0 = Development-Debug|x64
		{67E4754D-609A-4713-B686-DBF6FBBBFC38}.Development-Release|Win32.ActiveCfg = Development-Release|x64
		{67E4754D-609A-4713-B686-DBF6FBBBFC38}.Development-Release|x64.ActiveCfg = Development-Release|x64
		{67E4754D-609A-4713-B686-DBF6FBBBFC38}.Development-Release|x64.Build.0 = Development-Release|x64
		{67E4754D-609A-4713-B686-DBF6FBBBFC38}.Publishing-Release|Win32.ActiveCfg = Publishing-Release|x64
		{67E4754D-609A-4713-B686-DBF6FBBBFC38}.Publishing-Release|x64.ActiveCfg = Publishing-Release|x64
		{67E4754D-609A-4713-B686-DBF6FBBBFC38}.Publishing-Release|x64.Build.0 = Publishing-Release|x64
		{67E4754D-609A-4713-B686-DBF6FBBBFC38}.Test-Release|Win32.ActiveCfg = Test-Release|x64
		{67E4754D-609A-4713-B686-DBF6FBBBFC38}.Test-Release|x64.ActiveCfg = Test-Release|x64
		{67E4754D-609A-4713-B686-DBF6FBBBFC38}.Test-Release|x64.Build.0 = Test-Release|x64
		{BFB6DD83-885E-4B08-A71F-BC0F90DD090E}.Development-Debug|Win32.ActiveCfg = Development-Debug|x64
		{BFB6DD83-885E-4B08-A71F-BC0F90DD090E}.Development-Debug|x64.ActiveCfg = Development-Debug|x64
		{BFB6DD83-885E-4B08-A71F-BC0F90DD090E}.Development-Debug|x64.Build.0 = Development-Debug|x64
		{BFB6DD83-885E-4B08-A71F-BC0F90DD090E}.Development-Release|Win32.ActiveCfg = Development-Release|x64
		{BFB6DD83-885E-4B08-A71F-BC0F90DD090E}.Development-Release|x64.ActiveCfg = Development-Release|x64
		{BFB6DD83-885E-4B08-A71F-BC0F90DD090E}.Development-Release|x64.Build.0 = Development-Release|x64
		{BFB6DD83-885E-4B08-A71F-BC0F90DD090E}.Publishing-Release|Win32.ActiveCfg = Publishing-Release|x64
		{BFB6DD83-885E-4B08-A71F-BC0F90DD090E}.Publishing-Release|x64.ActiveCfg = Publishing-Release|x64
		{BFB6DD83-885E-4B08-A71F-BC0F90DD090E}.Publishing-Release|x64.Build.0 = Publishing-Release|x64
		{BFB6DD83-885E-4B08-A71F-BC0F90DD090E}.Test-Release|Win32.ActiveCfg = Test-Release|x64
		{BFB6DD83-885E-4B08-A71F-BC0F90DD090E}.Test-Release|x64.ActiveCfg = Test-Release|x64
		{BFB6DD83-885E-4B08-A71F-BC0F90DD090E}.Test-Release|x64.Build.0 = Test-Release|x64
		{039E634A-718A-4C4A-AE7C-706BABC5212B}.Development-Debug|Win32.ActiveCfg = Development-Debug|x64
		{039E634A-718A-4C4A-AE7C-706BABC5212B}.Development-Debug|x64.ActiveCfg = Development-Debug|x64
		{039E634A-718A-4C4A-AE7C-706BABC5212B}.Development-Debug|x64.Build.0 = Development-Debug|x64
		{039E634A-718A-4C4A-AE7C-706BABC5212B}.Development-Release|Win32.ActiveCfg = Development-Release|x64
		{039E634A-718A-4C4A-AE7C-706BABC5212B}.Development-Release|x64.ActiveCfg = Development-Release|x64
		{039E634A-718A-4C4A-AE7C-706BABC5212B}.Development-Release|x64.Build.0 = Development-Release|x64
		{039E634A-718A-4C4A-AE7C-706BABC5212B}.Publishing-Release|Win32.ActiveCfg = Publishing-Release|x64
		{039E634A-718A-4C4A-AE7C-706BABC5212B}.Publishing-Release|x64.ActiveCfg = Publishing-Release|x64
		{039E634A-718A-4C4A-AE7C-706BABC5212B}.Publishing-Release|x64.Build.0 = Publishing-Release|x64
		{039E634A-718A-4C4A-AE7C-706BABC5212B}.Test-Release|Win32.ActiveCfg = Test-Release|x64
		{039E634A-718A-4C4A-AE7C-706BABC5212B}.Test-Release|x64.ActiveCfg = Test-Release|x64
		{039E634A-718A-4C4A-AE7C-706BABC5212B}.Test-Release|x64.Build.0 = Test-Release|x64
		{E4CDFCCC-A554-41E7-ADC8-CEC5B43BD144}.Development-Debug|Win32.ActiveCfg = Development-Debug|x64
		{E4CDFCCC-A554-41E7-ADC8-CEC5B43BD144}.Development-Debug|x64.ActiveCfg = Development-Debug|x64
		{E4CDFCCC-A554-41E7-ADC8-CEC5B43BD144}.Development-Debug|x64.Build.0 = Development-Debug|x64
		{E4CDFCCC-A554-41E7-ADC8-CEC5B43BD144}.Development-Release|Win32.ActiveCfg = Development-Release|x64
		{E4CDFCCC-A554-41E7-ADC8-CEC5B43BD144}.Development-Release|x64.ActiveCfg = Development-Release|x64
		{E4CDFCCC-A554-41E7-ADC8-CEC5B43BD144}.Development-Release|x64.Build.0 = Development-Release|x64
		{E4CDFCCC-A554-41E7-ADC8-CEC5B43BD144}.Publishing-Release|Win32.ActiveCfg = Publishing-Release|x64
		{E4CDFCCC-A554-41E7-ADC8-CEC5B43BD144}.Publishing-Release|x64.ActiveCfg = Publishing-Release|x64
		{E4CDFCCC-A554-41E7-ADC8-CEC5B43BD144}.Publishing-Release|x64.Build.0 = Publishing-Release|x64
		{E4CDFCCC-A554-41E7-ADC8-CEC5B43BD144}.Test-Release|Win32.ActiveCfg = Test-Release|x64
		{E4CDFCCC-A554-41E7-ADC8-CEC5B43BD144}.Test-Release|x64.ActiveCfg = Test-Release|x64
		{E4CDFCCC-A554-41E7-ADC8-CEC5B43BD144}.Test-Release|x64.Build.0 = Test-Release|x64
		{597555CF-7003-4B06-8409-C3A0AC818E59}.Development-Debug|Win32.ActiveCfg = Development-Debug|x64
		{597555CF-7003-4B06-8409-C3A0AC818E59}.Development-Debug|x64.ActiveCfg = Development-Debug|x64
		{597555CF-7003-4B06-8409-C3A0AC818E59}.Development-Debug|x64.Build.0 = Development-Debug|x64
		{597555CF-7003-4B06-8409-C3A0AC818E59}.Development-Release|Win32.ActiveCfg = Development-Release|x64
		{597555CF-7003-4B06-8409-C3A0AC818E59}.Development-Release|x64.ActiveCfg = Development-Release|x64
		{597555CF-7003-4B06-8409-C3A0AC818E59}.Development-Release|x64.Build.0 = Development-Release|x64
		{597555CF-7003-4B06-8409-C3A0AC818E59}.Publishing-Release|Win32.ActiveCfg = Publishing-Release|x64
		{597555CF-7003-4B06-8409-C3A0AC818E59}.Publishing-Release|x64.ActiveCfg = Publishing-Release|x64
		{597555CF-7003-4B06-8409-C3A0AC818E59}.Publishing-Release|x64.Build.0 = Publishing-Release|x64
		{597555CF-7003-4B06-8409-C3A0AC818E59}.Test-Release|Win32.ActiveCfg = Test-Release|x64
		{597555CF-7003-4B06-8409-C3A0AC818E59}.Test-Release|x64.ActiveCfg = Test-Release|x64
		{597555CF-7003-4B06-8409-C3A0AC818E59}.Test-Release|x64.Build.0 = Test-Release|x64
		{457A69B6-422F-4E49-9EC0-111BF35941E1}.Development-Debug|Win32.ActiveCfg = Development-Debug|x64
		{457A69B6-422F-4E49-9EC0-111BF35941E1}.Development-Debug|x64.ActiveCfg = Development-Debug|x64
		{457A69B6-422F-4E49-9EC0-111BF35941E1}.Development-Debug|x64.Build.0 = Development-Debug|x64
		{457A69B6-422F-4E49-9EC0-111BF35941E1}.Development-Release|Win32.ActiveCfg = Development-Release|x64
		{457A69B6-422F-4E49-9EC0-111BF35941E1}.Development-Release|x64.ActiveCfg = Development-Release|x64
		{457A69B6-422F-4E49-9EC0-111BF35941E1}.Development-Release|x64.Build.0 = Development-Release|x64
		{457A69B6-422F-4E49-9EC0-111BF35941E1}.Publishing-Release|Win32.ActiveCfg = Publishing-Release|x64
		{457A69B6-422F-4E49-9EC0-111BF35941E1}.Publishing-Release|x64.ActiveCfg = Publishing-Release|x64
		{457A69B6-422F-4E49-9EC0-111BF35941E1}.Publishing-Release|x64.Build.0 = Publishing-Release|x64
		{457A69B6-422F-4E49-9EC0-111BF35941E1}.Test-Release|Win32.ActiveCfg = Test-Release|x64
		{457A69B6-422F-4E49-9EC0-111BF35941E1}.Test-Release|x64.ActiveCfg = Test-Release|x64
		{457A69B6-422F-4E49-9EC0-111BF35941E1}.Test-Release|x64.Build.0 = Test-Release|x64
		{51BFC834-EC5F-4F25-90DC-A2001E88B491}.Development-Debug|Win32.ActiveCfg = Development-Debug|Win32
		{51BFC834-EC5F-4F25-90DC-A2001E88B491}.Development-Debug|Win32.Build.0 = Development-Debug|Win32
		{51BFC834-EC5F-4F25-90DC-A2001E88B491}.Development-Debug|x64.ActiveCfg = Development-Debug|Win32
		{51BFC834-EC5F-4F25-90DC-A2001E88B491}.Development-Release|Win32.ActiveCfg = Development-Release|Win32
		{51BFC834-EC5F-4F25-90DC-A2001E88B491}.Development-Release|Win32.Build.0 = Development-Release|Win32
		{51BFC834-EC5F-4F25-90DC-A2001E88B491}.Development-Release|x64.ActiveCfg = Development-Release|Win32
		{51BFC834-EC5F-4F25-90DC-A2001E88B491}.Publishing-Release|Win32.ActiveCfg = Publishing-Release|Win32
		{51BFC834-EC5F-4F25-90DC-A2001E88B491}.Publishing-Release|Win32.Build.0 = Publishing-Release|Win32
		{51BFC834-EC5F-4F25-90DC-A2001E88B491}.Publishing-Release|x64.ActiveCfg = Publishing-Release|Win32
		{51BFC834-EC5F-4F25-90DC-A2001E88B491}.Test-Release|Win32.ActiveCfg = Test-Release|Win32
		{51BFC834-EC5F-4F25-90DC-A2001E88B491}.Test-Release|Win32.Build.0 = Test-Release|Win32
		{51BFC834-EC5F-4F25-90DC-A2001E88B491}.Test-Release|x64.ActiveCfg = Test-Release|Win32
		{56B56CAD-A792-42A8-B7CD-7CFE9FF7D402}.Development-Debug|Win32.ActiveCfg = Development-Debug|Win32
		{56B56CAD-A792-42A8-B7CD-7CFE9FF7D402}.Development-Debug|Win32.Build.0 = Development-Debug|Win32
		{56B56CAD-A792-42A8-B7CD-7CFE9FF7D402}.Development-Debug|x64.ActiveCfg = Development-Debug|Win32
		{56B56CAD-A792-42A8-B7CD-7CFE9FF7D402}.Development-Release|Win32.ActiveCfg = Development-Release|Win32
		{56B56CAD-A792-42A8-B7CD-7CFE9FF7D402}.Development-Release|Win32.Build.0 = Development-Release|Win32
		{56B56CAD-A792-42A8-B7CD-7CFE9FF7D402}.Development-Release|x64.ActiveCfg = Development-Release|Win32
		{56B56CAD-A792-42A8-B7CD-7CFE9FF7D402}.Publishing-Release|Win32.ActiveCfg = Publishing-Release|Win32
		{56B56CAD-A792-42A8-B7CD-7CFE9FF7D402}.Publishing-Release|Win32.Build.0 = Publishing-Release|Win32
		{56B56CAD-A792-42A8-B7CD-7CFE9FF7D402}.Publishing-Release|x64.ActiveCfg = Publishing-Release|Win32
		{56B56CAD-A792-42A8-B7CD-7CFE9FF7D402}.Test-Release|Win32.ActiveCfg = Test-Release|Win32
		{56B56CAD-A792-42A8-B7CD-7CFE9FF7D402}.Test-Release|Win32.Build.0 = Test-Release|Win32
		{56B56CAD-A792-42A8-B7CD-7CFE9FF7D402}.Test-Release|x64.ActiveCfg = Test-Release|Win32
		{E9C6A0CB-74CC-4202-855B-FA91EBA2104B}.Development-Debug|Win32.ActiveCfg = Development-Debug|x64
		{E9C6A0CB-74CC-4202-855B-FA91EBA2104B}.Development-Debug|x64.ActiveCfg = Development-Debug|x64
		{E9C6A0CB-74CC-4202-855B-FA91EBA2104B}.Development-Debug|x64.Build.0 = Development-Debug|x64
		{E9C6A0CB-74CC-4202-855B-FA91EBA2104B}.Development-Release|Win32.ActiveCfg = Development-Release|x64
		{E9C6A0CB-74CC-4202-855B-FA91EBA2104B}.Development-Release|x64.ActiveCfg = Development-Release|x64
		{E9C6A0CB-74CC-4202-855B-FA91EBA2104B}.Development-Release|x64.Build.0 = Development-Release|x64
		{E9C6A0CB-74CC-4202-855B-FA91EBA2104B}.Publishing-Release|Win32.ActiveCfg = Publishing-Release|x64
		{E9C6A0CB-74CC-4202-855B-FA91EBA2104B}.Publishing-Release|x64.ActiveCfg = Publishing-Release|x64
		{E9C6A0CB-74CC-4202-855B-FA91EBA2104B}.Publishing-Release|x64.Build.0 = Publishing-Release|x64
		{E9C6A0CB-74CC-4202-855B-FA91EBA2104B}.Test-Release|Win32.ActiveCfg = Test-Release|x64
		{E9C6A0CB-74CC-4202-855B-FA91EBA2104B}.Test-Release|x64.ActiveCfg = Test-Release|x64
		{E9C6A0CB-74CC-4202-855B-FA91EBA2104B}.Test-Release|x64.Build.0 = Test-Release|x64
		{ADAE0E50-F63A-4FA5-BC6A-E1D974CC2D2C}.Development-Debug|Win32.ActiveCfg = Development-Debug|x64
		{ADAE0E50-F63A-4FA5-BC6A-E1D974CC2D2C}.Development-Debug|Win32.Build.0 = Development-Debug|x64
		{ADAE0E50-F63A-4FA5-BC6A-E1D974CC2D2C}.Development-Debug|x64.ActiveCfg = Development-Debug|x64
		{ADAE0E50-F63A-4FA5-BC6A-E1D974CC2D2C}.Development-Debug|x64.Build.0 = Development-Debug|x64
		{ADAE0E50-F63A-4FA5-BC6A-E1D974CC2D2C}.Development-Release|Win32.ActiveCfg = Development-Release|x64
		{ADAE0E50-F63A-4FA5-BC6A-E1D974CC2D2C}.Development-Release|Win32.Build.0 = Development-Release|x64
		{ADAE0E50-F63A-4FA5-BC6A-E1D974CC2D2C}.Development-Release|x64.ActiveCfg = Development-Release|x64
		{ADAE0E50-F63A-4FA5-BC6A-E1D974CC2D2C}.Development-Release|x64.Build.0 = Development-Release|x64
		{ADAE0E50-F63A-4FA5-BC6A-E1D974CC2D2C}.Publishing-Release|Win32.ActiveCfg = Publishing-Release|x64
		{ADAE0E50-F63A-4FA5-BC6A-E1D974CC2D2C}.Publishing-Release|Win32.Build.0 = Publishing-Release|x64
		{ADAE0E50-F63A-4FA5-BC6A-E1D974CC2D2C}.Publishing-Release|x64.ActiveCfg = Publishing-Release|x64
		{ADAE0E50-F63A-4FA5-BC6A-E1D974CC2D2C}.Publishing-Release|x64.Build.0 = Publishing-Release|x64
		{ADAE0E50-F63A-4FA5-BC6A-E1D974CC2D2C}.Test-Release|Win32.ActiveCfg = Test-Release|x64
		{ADAE0E50-F63A-4FA5-BC6A-E1D974CC2D2C}.Test-Release|Win32.Build.0 = Test-Release|x64
		{ADAE0E50-F63A-4FA5-BC6A-E1D974CC2D2C}.Test-Release|x64.ActiveCfg = Test-Release|x64
		{ADAE0E50-F63A-4FA5-BC6A-E1D974CC2D2C}.Test-Release|x64.Build.0 = Test-Release|x64
		{36D63B53-C40A-479C-94F9-FC93CBB49FEB}.Development-Debug|Win32.ActiveCfg = Development-Debug|x64
		{36D63B53-C40A-479C-94F9-FC93CBB49FEB}.Development-Debug|Win32.Build.0 = Development-Debug|x64
		{36D63B53-C40A-479C-94F9-FC93CBB49FEB}.Development-Debug|x64.ActiveCfg = Development-Debug|x64
		{36D63B53-C40A-479C-94F9-FC93CBB49FEB}.Development-Debug|x64.Build.0 = Development-Debug|x64
		{36D63B53-C40A-479C-94F9-FC93CBB49FEB}.Development-Release|Win32.ActiveCfg = Development-Release|x64
		{36D63B53-C40A-479C-94F9-FC93CBB49FEB}.Development-Release|Win32.Build.0 = Development-Release|x64
		{36D63B53-C40A-479C-94F9-FC93CBB49FEB}.Development-Release|x64.ActiveCfg = Development-Release|x64
		{36D63B53-C40A-479C-94F9-FC93CBB49FEB}.Development-Release|x64.Build.0 = Development-Release|x64
		{36D63B53-C40A-479C-94F9-FC93CBB49FEB}.Publishing-Release|Win32.ActiveCfg = Publishing-Release|x64
		{36D63B53-C40A-479C-94F9-FC93CBB49FEB}.Publishing-Release|Win32.Build.0 = Publishing-Release|x64
		{36D63B53-C40A-479C-94F9-FC93CBB49FEB}.Publishing-Release|x64.ActiveCfg = Publishing-Release|x64
		{36D63B53-C40A-479C-94F9-FC93CBB49FEB}.Publishing-Release|x64.Build.0 = Publishing-Release|x64
		{36D63B53-C40A-479C-94F9-FC93CBB49FEB}.Test-Release|Win32.ActiveCfg = Test-Release|x64
		{36D63B53-C40A-479C-94F9-FC93CBB49FEB}.Test-Release|Win32.Build.0 = Test-Release|x64
		{36D63B53-C40A-479C-94F9-FC93CBB49FEB}.Test-Release|x64.ActiveCfg = Test-Release|x64
		{36D63B53-C40A-479C-94F9-FC93CBB49FEB}.Test-Release|x64.Build.0 = Test-Release|x64
		{D947ACC3-CDAC-4227-8809-AABF39B1C75B}.Development-Debug|Win32.ActiveCfg = Development-Debug|x64
		{D947ACC3-CDAC-4227-8809-AABF39B1C75B}.Development-Debug|x64.ActiveCfg = Development-Debug|x64
		{D947ACC3-CDAC-4227-8809-AABF39B1C75B}.Development-Debug|x64.Build.0 = Development-Debug|x64
		{D947ACC3-CDAC-4227-8809-AABF39B1C75B}.Development-Release|Win32.ActiveCfg = Development-Release|x64
		{D947ACC3-CDAC-4227-8809-AABF39B1C75B}.Development-Release|x64.ActiveCfg = Development-Release|x64
		{D947ACC3-CDAC-4227-8809-AABF39B1C75B}.Development-Release|x64.Build.0 = Development-Release|x64
		{D947ACC3-CDAC-4227-8809-AABF39B1C75B}.Publishing-Release|Win32.ActiveCfg = Publishing-Release|x64
		{D947ACC3-CDAC-4227-8809-AABF39B1C75B}.Publishing-Release|x64.ActiveCfg = Publishing-Release|x64
		{D947ACC3-CDAC-4227-8809-AABF39B1C75B}.Publishing-Release|x64.Build.0 = Publishing-Release|x64
		{D947ACC3-CDAC-4227-8809-AABF39B1C75B}.Test-Release|Win32.ActiveCfg = Test-Release|x64
		{D947ACC3-CDAC-4227-8809-AABF39B1C75B}.Test-Release|x64.ActiveCfg = Test-Release|x64
		{D947ACC3-CDAC-4227-8809-AABF39B1C75B}.Test-Release|x64.Build.0 = Test-Release|x64
		{5DDD2903-527F-4CB2-9EEB-D4BAD4253B71}.Development-Debug|Win32.ActiveCfg = Development-Debug|x64
		{5DDD2903-527F-4CB2-9EEB-D4BAD4253B71}.Development-Debug|Win32.Build.0 = Development-Debug|x64
		{5DDD2903-527F-4CB2-9EEB-D4BAD4253B71}.Development-Debug|x64.ActiveCfg = Development-Debug|x64
		{5DDD2903-527F-4CB2-9EEB-D4BAD4253B71}.Development-Debug|x64.Build.0 = Development-Debug|x64
		{5DDD2903-527F-4CB2-9EEB-D4BAD4253B71}.Development-Release|Win32.ActiveCfg = Development-Release|x64
		{5DDD2903-527F-4CB2-9EEB-D4BAD4253B71}.Development-Release|Win32.Build.0 = Development-Release|x64
		{5DDD2903-527F-4CB2-9EEB-D4BAD4253B71}.Development-Release|x64.ActiveCfg = Development-Release|x64
		{5DDD2903-527F-4CB2-9EEB-D4BAD4253B71}.Development-Release|x64.Build.0 = Development-Release|x64
		{5DDD2903-527F-4CB2-9EEB-D4BAD4253B71}.Publishing-Release|Win32.ActiveCfg = Publishing-Release|x64
		{5DDD2903-527F-4CB2-9EEB-D4BAD4253B71}.Publishing-Release|Win32.Build.0 = Publishing-Release|x64
		{5DDD2903-527F-4CB2-9EEB-D4BAD4253B71}.Publishing-Release|x64.ActiveCfg = Publishing-Release|x64
		{5DDD2903-527F-4CB2-9EEB-D4BAD4253B71}.Publishing-Release|x64.Build.0 = Publishing-Release|x64
		{5DDD2903-527F-4CB2-9EEB-D4BAD4253B71}.Test-Release|Win32.ActiveCfg = Test-Release|x64
		{5DDD2903-527F-4CB2-9EEB-D4BAD4253B71}.Test-Release|Win32.Build.0 = Test-Release|x64
		{5DDD2903-527F-4CB2-9EEB-D4BAD4253B71}.Test-Release|x64.ActiveCfg = Test-Release|x64
		{5DDD2903-527F-4CB2-9EEB-D4BAD4253B71}.Test-Release|x64.Build.0 = Test-Release|x64
		{E25F53A3-9BC6-4E7B-B652-023FDAFF167C}.Development-Debug|Win32.ActiveCfg = Development-Debug|x64
		{E25F53A3-9BC6-4E7B-B652-023FDAFF167C}.Development-Debug|Win32.Build.0 = Development-Debug|x64
		{E25F53A3-9BC6-4E7B-B652-023FDAFF167C}.Development-Debug|x64.ActiveCfg = Development-Debug|x64
		{E25F53A3-9BC6-4E7B-B652-023FDAFF167C}.Development-Debug|x64.Build.0 = Development-Debug|x64
		{E25F53A3-9BC6-4E7B-B652-023FDAFF167C}.Development-Release|Win32.ActiveCfg = Development-Release|x64
		{E25F53A3-9BC6-4E7B-B652-023FDAFF167C}.Development-Release|Win32.Build.0 = Development-Release|x64
		{E25F53A3-9BC6-4E7B-B652-023FDAFF167C}.Development-Release|x64.ActiveCfg = Development-Release|x64
		{E25F53A3-9BC6-4E7B-B652-023FDAFF167C}.Development-Release|x64.Build.0 = Development-Release|x64
		{E25F53A3-9BC6-4E7B-B652-023FDAFF167C}.Publishing-Release|Win32.ActiveCfg = Publishing-Release|x64
		{E25F53A3-9BC6-4E7B-B652-023FDAFF167C}.Publishing-Release|Win32.Build.0 = Publishing-Release|x64
		{E25F53A3-9BC6-4E7B-B652-023FDAFF167C}.Publishing-Release|x64.ActiveCfg = Publishing-Release|x64
		{E25F53A3-9BC6-4E7B-B652-023FDAFF167C}.Publishing-Release|x64.Build.0 = Publishing-Release|x64
		{E25F53A3-9BC6-4E7B-B652-023FDAFF167C}.Test-Release|Win32.ActiveCfg = Test-Release|x64
		{E25F53A3-9BC6-4E7B-B652-023FDAFF167C}.Test-Release|Win32.Build.0 = Test-Release|x64
		{E25F53A3-9BC6-4E7B-B652-023FDAFF167C}.Test-Release|x64.ActiveCfg = Test-Release|x64
		{E25F53A3-9BC6-4E7B-B652-023FDAFF167C}.Test-Release|x64.Build.0 = Test-Release|x64
		{82505EE6-0256-4E89-B64A-227E87B9BE67}.Development-Debug|Win32.ActiveCfg = Development-Debug|x64
		{82505EE6-0256-4E89-B64A-227E87B9BE67}.Development-Debug|x64.ActiveCfg = Development-Debug|x64
		{82505EE6-0256-4E89-B64A-227E87B9BE67}.Development-Debug|x64.Build.0 = Development-Debug|x64
		{82505EE6-0256-4E89-B64A-227E87B9BE67}.Development-Release|Win32.ActiveCfg = Development-Release|x64
		{82505EE6-0256-4E89-B64A-227E87B9BE67}.Development-Release|x64.ActiveCfg = Development-Release|x64
		{82505EE6-0256-4E89-B64A-227E87B9BE67}.Development-Release|x64.Build.0 = Development-Release|x64
		{82505EE6-0256-4E89-B64A-227E87B9BE67}.Publishing-Release|Win32.ActiveCfg = Publishing-Release|x64
		{82505EE6-0256-4E89-B64A-227E87B9BE67}.Publishing-Release|x64.ActiveCfg = Publishing-Release|x64
		{82505EE6-0256-4E89-B64A-227E87B9BE67}.Publishing-Release|x64.Build.0 = Publishing-Release|x64
		{82505EE6-0256-4E89-B64A-227E87B9BE67}.Test-Release|Win32.ActiveCfg = Test-Release|x64
		{82505EE6-0256-4E89-B64A-227E87B9BE67}.Test-Release|x64.ActiveCfg = Test-Release|x64
		{82505EE6-0256-4E89-B64A-227E87B9BE67}.Test-Release|x64.Build.0 = Test-Release|x64
		{13503E35-E42F-46B8-9342-9AAFCDE5333E}.Development-Debug|Win32.ActiveCfg = Development-Debug|Win32
		{13503E35-E42F-46B8-9342-9AAFCDE5333E}.Development-Debug|Win32.Build.0 = Development-Debug|Win32
		{13503E35-E42F-46B8-9342-9AAFCDE5333E}.Development-Debug|x64.ActiveCfg = Development-Debug|x64
		{13503E35-E42F-46B8-9342-9AAFCDE5333E}.Development-Debug|x64.Build.0 = Development-Debug|x64
		{13503E35-E42F-46B8-9342-9AAFCDE5333E}.Development-Release|Win32.ActiveCfg = Development-Release|Win32
		{13503E35-E42F-46B8-9342-9AAFCDE5333E}.Development-Release|Win32.Build.0 = Development-Release|Win32
		{13503E35-E42F-46B8-9342-9AAFCDE5333E}.Development-Release|x64.ActiveCfg = Development-Release|x64
		{13503E35-E42F-46B8-9342-9AAFCDE5333E}.Development-Release|x64.Build.0 = Development-Release|x64
		{13503E35-E42F-46B8-9342-9AAFCDE5333E}.Publishing-Release|Win32.ActiveCfg = Publishing-Release|Win32
		{13503E35-E42F-46B8-9342-9AAFCDE5333E}.Publishing-Release|Win32.Build.0 = Publishing-Release|Win32
		{13503E35-E42F-46B8-9342-9AAFCDE5333E}.Publishing-Release|x64.ActiveCfg = Publishing-Release|x64
		{13503E35-E42F-46B8-9342-9AAFCDE5333E}.Publishing-Release|x64.Build.0 = Publishing-Release|x64
		{13503E35-E42F-46B8-9342-9AAFCDE5333E}.Test-Release|Win32.ActiveCfg = Test-Release|Win32
		{13503E35-E42F-46B8-9342-9AAFCDE5333E}.Test-Release|Win32.Build.0 = Test-Release|Win32
		{13503E35-E42F-46B8-9342-9AAFCDE5333E}.Test-Release|x64.ActiveCfg = Test-Release|x64
		{13503E35-E42F-46B8-9342-9AAFCDE5333E}.Test-Release|x64.Build.0 = Test-Release|x64
		{528D5C48-3755-4BFD-8486-45B4C8B156C2}.Development-Debug|Win32.ActiveCfg = Development-Debug|x64
		{528D5C48-3755-4BFD-8486-45B4C8B156C2}.Development-Debug|x64.ActiveCfg = Development-Debug|x64
		{528D5C48-3755-4BFD-8486-45B4C8B156C2}.Development-Debug|x64.Build.0 = Development-Debug|x64
		{528D5C48-3755-4BFD-8486-45B4C8B156C2}.Development-Release|Win32.ActiveCfg = Development-Release|x64
		{528D5C48-3755-4BFD-8486-45B4C8B156C2}.Development-Release|x64.ActiveCfg = Development-Release|x64
		{528D5C48-3755-4BFD-8486-45B4C8B156C2}.Development-Release|x64.Build.0 = Development-Release|x64
		{528D5C48-3755-4BFD-8486-45B4C8B156C2}.Publishing-Release|Win32.ActiveCfg = Publishing-Release|x64
		{528D5C48-3755-4BFD-8486-45B4C8B156C2}.Publishing-Release|x64.ActiveCfg = Publishing-Release|x64
		{528D5C48-3755-4BFD-8486-45B4C8B156C2}.Publishing-Release|x64.Build.0 = Publishing-Release|x64
		{528D5C48-3755-4BFD-8486-45B4C8B156C2}.Test-Release|Win32.ActiveCfg = Test-Release|x64
		{528D5C48-3755-4BFD-8486-45B4C8B156C2}.Test-Release|x64.ActiveCfg = Test-Release|x64
		{528D5C48-3755-4BFD-8486-45B4C8B156C2}.Test-Release|x64.Build.0 = Test-Release|x64
		{3FAC4E39-0051-42AC-89D5-CA74C3D5961B}.Development-Debug|Win32.ActiveCfg = Development-Debug|Win32
		{3FAC4E39-0051-42AC-89D5-CA74C3D5961B}.Development-Debug|Win32.Build.0 = Development-Debug|Win32
		{3FAC4E39-0051-42AC-89D5-CA74C3D5961B}.Development-Debug|x64.ActiveCfg = Development-Debug|x64
		{3FAC4E39-0051-42AC-89D5-CA74C3D5961B}.Development-Debug|x64.Build.0 = Development-Debug|x64
		{3FAC4E39-0051-42AC-89D5-CA74C3D5961B}.Development-Release|Win32.ActiveCfg = Development-Release|Win32
		{3FAC4E39-0051-42AC-89D5-CA74C3D5961B}.Development-Release|Win32.Build.0 = Development-Release|Win32
		{3FAC4E39-0051-42AC-89D5-CA74C3D5961B}.Development-Release|x64.ActiveCfg = Development-Release|x64
		{3FAC4E39-0051-42AC-89D5-CA74C3D5961B}.Development-Release|x64.Build.0 = Development-Release|x64
		{3FAC4E39-0051-42AC-89D5-CA74C3D5961B}.Publishing-Release|Win32.ActiveCfg = Publishing-Release|Win32
		{3FAC4E39-0051-42AC-89D5-CA74C3D5961B}.Publishing-Release|Win32.Build.0 = Publishing-Release|Win32
		{3FAC4E39-0051-42AC-89D5-CA74C3D5961B}.Publishing-Release|x64.ActiveCfg = Publishing-Release|x64
		{3FAC4E39-0051-42AC-89D5-CA74C3D5961B}.Publishing-Release|x64.Build.0 = Publishing-Release|x64
		{3FAC4E39-0051-42AC-89D5-CA74C3D5961B}.Test-Release|Win32.ActiveCfg = Test-Release|Win32
		{3FAC4E39-0051-42AC-89D5-CA74C3D5961B}.Test-Release|Win32.Build.0 = Test-Release|Win32
		{3FAC4E39-0051-42AC-89D5-CA74C3D5961B}.Test-Release|x64.ActiveCfg = Test-Release|x64
		{3FAC4E39-0051-42AC-89D5-CA74C3D5961B}.Test-Release|x64.Build.0 = Test-Release|x64
		{6CC6AE7C-9E02-4497-B397-897332ED4805}.Development-Debug|Win32.ActiveCfg = Development-Debug|x64
		{6CC6AE7C-9E02-4497-B397-897332ED4805}.Development-Debug|Win32.Build.0 = Development-Debug|x64
		{6CC6AE7C-9E02-4497-B397-897332ED4805}.Development-Debug|x64.ActiveCfg = Development-Debug|x64
		{6CC6AE7C-9E02-4497-B397-897332ED4805}.Development-Debug|x64.Build.0 = Development-Debug|x64
		{6CC6AE7C-9E02-4497-B397-897332ED4805}.Development-Release|Win32.ActiveCfg = Development-Release|x64
		{6CC6AE7C-9E02-4497-B397-897332ED4805}.Development-Release|Win32.Build.0 = Development-Release|x64
		{6CC6AE7C-9E02-4497-B397-897332ED4805}.Development-Release|x64.ActiveCfg = Development-Release|x64
		{6CC6AE7C-9E02-4497-B397-897332ED4805}.Development-Release|x64.Build.0 = Development-Release|x64
		{6CC6AE7C-9E02-4497-B397-897332ED4805}.Publishing-Release|Win32.ActiveCfg = Publishing-Release|x64
		{6CC6AE7C-9E02-4497-B397-897332ED4805}.Publishing-Release|Win32.Build.0 = Publishing-Release|x64
		{6CC6AE7C-9E02-4497-B397-897332ED4805}.Publishing-Release|x64.ActiveCfg = Publishing-Release|x64
		{6CC6AE7C-9E02-4497-B397-897332ED4805}.Publishing-Release|x64.Build.0 = Publishing-Release|x64
		{6CC6AE7C-9E02-4497-B397-897332ED4805}.Test-Release|Win32.ActiveCfg = Test-Release|x64
		{6CC6AE7C-9E02-4497-B397-897332ED4805}.Test-Release|Win32.Build.0 = Test-Release|x64
		{6CC6AE7C-9E02-4497-B397-897332ED4805}.Test-Release|x64.ActiveCfg = Test-Release|x64
		{6CC6AE7C-9E02-4497-B397-897332ED4805}.Test-Release|x64.Build.0 = Test-Release|x64
		{8066E72F-C800-45D1-ADE9-F40D23430505}.Development-Debug|Win32.ActiveCfg = Development-Debug|x64
		{8066E72F-C800-45D1-ADE9-F40D23430505}.Development-Debug|x64.ActiveCfg = Development-Debug|x64
		{8066E72F-C800-45D1-ADE9-F40D23430505}.Development-Debug|x64.Build.0 = Development-Debug|x64
		{8066E72F-C800-45D1-ADE9-F40D23430505}.Development-Release|Win32.ActiveCfg = Development-Release|x64
		{8066E72F-C800-45D1-ADE9-F40D23430505}.Development-Release|x64.ActiveCfg = Development-Release|x64
		{8066E72F-C800-45D1-ADE9-F40D23430505}.Development-Release|x64.Build.0 = Development-Release|x64
		{8066E72F-C800-45D1-ADE9-F40D23430505}.Publishing-Release|Win32.ActiveCfg = Publishing-Release|x64
		{8066E72F-C800-45D1-ADE9-F40D23430505}.Publishing-Release|x64.ActiveCfg = Publishing-Release|x64
		{8066E72F-C800-45D1-ADE9-F40D23430505}.Publishing-Release|x64.Build.0 = Publishing-Release|x64
		{8066E72F-C800-45D1-ADE9-F40D23430505}.Test-Release|Win32.ActiveCfg = Test-Release|x64
		{8066E72F-C800-45D1-ADE9-F40D23430505}.Test-Release|x64.ActiveCfg = Test-Release|x64
		{8066E72F-C800-45D1-ADE9-F40D23430505}.Test-Release|x64.Build.0 = Test-Release|x64
		{5A0992EF-93A2-4565-86C1-11610EC27193}.Development-Debug|Win32.ActiveCfg = Development-Debug|x64
		{5A0992EF-93A2-4565-86C1-11610EC27193}.Development-Debug|Win32.Build.0 = Development-Debug|x64
		{5A0992EF-93A2-4565-86C1-11610EC27193}.Development-Debug|x64.ActiveCfg = Development-Debug|x64
		{5A0992EF-93A2-4565-86C1-11610EC27193}.Development-Debug|x64.Build.0 = Development-Debug|x64
		{5A0992EF-93A2-4565-86C1-11610EC27193}.Development-Release|Win32.ActiveCfg = Development-Release|x64
		{5A0992EF-93A2-4565-86C1-11610EC27193}.Development-Release|Win32.Build.0 = Development-Release|x64
		{5A0992EF-93A2-4565-86C1-11610EC27193}.Development-Release|x64.ActiveCfg = Development-Release|x64
		{5A0992EF-93A2-4565-86C1-11610EC27193}.Development-Release|x64.Build.0 = Development-Release|x64
		{5A0992EF-93A2-4565-86C1-11610EC27193}.Publishing-Release|Win32.ActiveCfg = Publishing-Release|x64
		{5A0992EF-93A2-4565-86C1-11610EC27193}.Publishing-Release|Win32.Build.0 = Publishing-Release|x64
		{5A0992EF-93A2-4565-86C1-11610EC27193}.Publishing-Release|x64.ActiveCfg = Publishing-Release|x64
		{5A0992EF-93A2-4565-86C1-11610EC27193}.Publishing-Release|x64.Build.0 = Publishing-Release|x64
		{5A0992EF-93A2-4565-86C1-11610EC27193}.Test-Release|Win32.ActiveCfg = Test-Release|x64
		{5A0992EF-93A2-4565-86C1-11610EC27193}.Test-Release|Win32.Build.0 = Test-Release|x64
		{5A0992EF-93A2-4565-86C1-11610EC27193}.Test-Release|x64.ActiveCfg = Test-Release|x64
		{5A0992EF-93A2-4565-86C1-11610EC27193}.Test-Release|x64.Build.0 = Test-Release|x64
		{7FC545FF-0D9A-4F33-B0D2-7AF72239FBD4}.Development-Debug|Win32.ActiveCfg = Development-Debug|x64
		{7FC545FF-0D9A-4F33-B0D2-7AF72239FBD4}.Development-Debug|x64.ActiveCfg = Development-Debug|x64
		{7FC545FF-0D9A-4F33-B0D2-7AF72239FBD4}.Development-Debug|x64.Build.0 = Development-Debug|x64
		{7FC545FF-0D9A-4F33-B0D2-7AF72239FBD4}.Development-Release|Win32.ActiveCfg = Development-Release|x64
		{7FC545FF-0D9A-4F33-B0D2-7AF72239FBD4}.Development-Release|x64.ActiveCfg = Development-Release|x64
		{7FC545FF-0D9A-4F33-B0D2-7AF72239FBD4}.Development-Release|x64.Build.0 = Development-Release|x64
		{7FC545FF-0D9A-4F33-B0D2-7AF72239FBD4}.Publishing-Release|Win32.ActiveCfg = Publishing-Release|x64
		{7FC545FF-0D9A-4F33-B0D2-7AF72239FBD4}.Publishing-Release|x64.ActiveCfg = Publishing-Release|x64
		{7FC545FF-0D9A-4F33-B0D2-7AF72239FBD4}.Publishing-Release|x64.Build.0 = Publishing-Release|x64
		{7FC545FF-0D9A-4F33-B0D2-7AF72239FBD4}.Test-Release|Win32.ActiveCfg = Test-Release|x64
		{7FC545FF-0D9A-4F33-B0D2-7AF72239FBD4}.Test-Release|x64.ActiveCfg = Test-Release|x64
		{7FC545FF-0D9A-4F33-B0D2-7AF72239FBD4}.Test-Release|x64.Build.0 = Test-Release|x64
		{73FD1D51-5863-4617-B48A-F1C31AF79793}.Development-Debug|Win32.ActiveCfg = Development-Debug|x64
		{73FD1D51-5863-4617-B48A-F1C31AF79793}.Development-Debug|Win32.Build.0 = Development-Debug|x64
		{73FD1D51-5863-4617-B48A-F1C31AF79793}.Development-Debug|x64.ActiveCfg = Development-Debug|x64
		{73FD1D51-5863-4617-B48A-F1C31AF79793}.Development-Debug|x64.Build.0 = Development-Debug|x64
		{73FD1D51-5863-4617-B48A-F1C31AF79793}.Development-Release|Win32.ActiveCfg = Development-Release|x64
		{73FD1D51-5863-4617-B48A-F1C31AF79793}.Development-Release|Win32.Build.0 = Development-Release|x64
		{73FD1D51-5863-4617-B48A-F1C31AF79793}.Development-Release|x64.ActiveCfg = Development-Release|x64
		{73FD1D51-5863-4617-B48A-F1C31AF79793}.Development-Release|x64.Build.0 = Development-Release|x64
		{73FD1D51-5863-4617-B48A-F1C31AF79793}.Publishing-Release|Win32.ActiveCfg = Publishing-Release|x64
		{73FD1D51-5863-4617-B48A-F1C31AF79793}.Publishing-Release|Win32.Build.0 = Publishing-Release|x64
		{73FD1D51-5863-4617-B48A-F1C31AF79793}.Publishing-Release|x64.ActiveCfg = Publishing-Release|x64
		{73FD1D51-5863-4617-B48A-F1C31AF79793}.Publishing-Release|x64.Build.0 = Publishing-Release|x64
		{73FD1D51-5863-4617-B48A-F1C31AF79793}.Test-Release|Win32.ActiveCfg = Test-Release|x64
		{73FD1D51-5863-4617-B48A-F1C31AF79793}.Test-Release|Win32.Build.0 = Test-Release|x64
		{73FD1D51-5863-4617-B48A-F1C31AF79793}.Test-Release|x64.ActiveCfg = Test-Release|x64
		{73FD1D51-5863-4617-B48A-F1C31AF79793}.Test-Release|x64.Build.0 = Test-Release|x64
		{1180032D-8EEB-4A60-B120-E838393947DF}.Development-Debug|Win32.ActiveCfg = Development-Debug|x64
		{1180032D-8EEB-4A60-B120-E838393947DF}.Development-Debug|x64.ActiveCfg = Development-Debug|x64
		{1180032D-8EEB-4A60-B120-E838393947DF}.Development-Debug|x64.Build.0 = Development-Debug|x64
		{1180032D-8EEB-4A60-B120-E838393947DF}.Development-Release|Win32.ActiveCfg = Development-Release|x64
		{1180032D-8EEB-4A60-B120-E838393947DF}.Development-Release|x64.ActiveCfg = Development-Release|x64
		{1180032D-8EEB-4A60-B120-E838393947DF}.Development-Release|x64.Build.0 = Development-Release|x64
		{1180032D-8EEB-4A60-B120-E838393947DF}.Publishing-Release|Win32.ActiveCfg = Publishing-Release|x64
		{1180032D-8EEB-4A60-B120-E838393947DF}.Publishing-Release|x64.ActiveCfg = Publishing-Release|x64
		{1180032D-8EEB-4A60-B120-E838393947DF}.Publishing-Release|x64.Build.0 = Publishing-Release|x64
		{1180032D-8EEB-4A60-B120-E838393947DF}.Test-Release|Win32.ActiveCfg = Test-Release|x64
		{1180032D-8EEB-4A60-B120-E838393947DF}.Test-Release|x64.ActiveCfg = Test-Release|x64
		{1180032D-8EEB-4A60-B120-E838393947DF}.Test-Release|x64.Build.0 = Test-Release|x64
		{B0DE12A4-5C7A-4E91-9F3B-08891303C0DE}.Development-Debug|Win32.ActiveCfg = Development-Debug|x64
		{B0DE12A4-5C7A-4E91-9F3B-08891303C0DE}.Development-Debug|x64.ActiveCfg = Development-Debug|x64
		{B0DE12A4-5C7A-4E91-9F3B-08891303C0DE}.Development-Debug|x64.Build.0 = Development-Debug|x64
		{B0DE12A4-5C7A-4E91-9F3B-08891303C0DE}.Development-Release|Win32.ActiveCfg = Development-Release|x64
		{B0DE12A4-5C7A-4E91-9F3B-08891303C0DE}.Development-Release|x64.ActiveCfg = Development-Release|x64
		{B0DE12A4-5C7A-4E91-9F3B-08891303C0DE}.Development-Release|x64.Build.0 = Development-Release|x64
		{B0DE12A4-5C7A-4E91-9F3B-08891303C0DE}.Publishing-Release|Win32.ActiveCfg = Publishing-Release|x64
		{B0DE12A4-5C7A-4E91-9F3B-08891303C0DE}.Publishing-Release|x64.ActiveCfg = Publishing-Release|x64
		{B0DE12A4-5C7A-4E91-9F3B-08891303C0DE}.Publishing-Release|x64.Build.0 = Publishing-Release|x64
		{B0DE12A4-5C7A-4E91-9F3B-08891303C0DE}.Test-Release|Win32.ActiveCfg = Test-Release|x64
		{B0DE12A4-5C7A-4E91-9F3B-08891303C0DE}.Test-Release|x64.ActiveCfg = Test-Release|x64
		{B0DE12A4-5C7A-4E91-9F3B-08891303C0DE}.Test-Release|x64.Build.0 = Test-Release|x64
		{17FBB4FD-8E4E-4E61-AC32-BBEBA09B8D18}.Development-Debug|Win32.ActiveCfg = Development-Debug|x64
		{17FBB4FD-8E4E-4E61-AC32-BBEBA09B8D18}.Development-Debug|Win32.Build.0 = Development-Debug|x64
		{17FBB4FD-8E4E-4E61-AC32-BBEBA09B8D18}.Development-Debug|x64.ActiveCfg = Development-Debug|x64
		{17FBB4FD-8E4E-4E61-AC32-BBEBA09B8D18}.Development-Debug|x64.Build.0 = Development-Debug|x64
		{17FBB4FD-8E4E-4E61-AC32-BBEBA09B8D18}.Development-Release|Win32.ActiveCfg = Development-Release|x64
		{17FBB4FD-8E4E-4E61-AC32-BBEBA09B8D18}.Development-Release|Win32.Build.0 = Development-Release|x64
		{17FBB4FD-8E4E-4E61-AC32-BBEBA09B8D18}.Development-Release|x64.ActiveCfg = Development-Release|x64
		{17FBB4FD-8E4E-4E61-AC32-BBEBA09B8D18}.Development-Release|x64.Build.0 = Development-Release|x64
		{17FBB4FD-8E4E-4E61-AC32-BBEBA09B8D18}.Publishing-Release|Win32.ActiveCfg = Publishing-Release|x64
		{17FBB4FD-8E4E-4E61-AC32-BBEBA09B8D18}.Publishing-Release|Win32.Build.0 = Publishing-Release|x64
		{17FBB4FD-8E4E-4E61-AC32-BBEBA09B8D18}.Publishing-Release|x64.ActiveCfg = Publishing-Release|x64
		{17FBB4FD-8E4E-4E61-AC32-BBEBA09B8D18}.Publishing-Release|x64.Build.0 = Publishing-Release|x64
		{17FBB4FD-8E4E-4E61-AC32-BBEBA09B8D18}.Test-Release|Win32.ActiveCfg = Test-Release|x64
		{17FBB4FD-8E4E-4E61-AC32-BBEBA09B8D18}.Test-Release|Win32.Build.0 = Test-Release|x64
		{17FBB4FD-8E4E-4E61-AC32-BBEBA09B8D18}.Test-Release|x64.ActiveCfg = Test-Release|x64
		{17FBB4FD-8E4E-4E61-AC32-BBEBA09B8D18}.Test-Release|x64.Build.0 = Test-Release|x64
		{6A95DCDD-FD5F-4064-B12C-F6602E31FEEE}.Development-Debug|Win32.ActiveCfg = Development-Debug|Win32
		{6A95DCDD-FD5F-4064-B12C-F6602E31FEEE}.Development-Debug|Win32.Build.0 = Development-Debug|Win32
		{6A95DCDD-FD5F-4064-B12C-F6602E31FEEE}.Development-Debug|x64.ActiveCfg = Development-Debug|x64
		{6A95DCDD-FD5F-4064-B12C-F6602E31FEEE}.Development-Debug|x64.Build.0 = Development-Debug|x64
		{6A95DCDD-FD5F-4064-B12C-F6602E31FEEE}.Development-Release|Win32.ActiveCfg = Development-Release|Win32
		{6A95DCDD-FD5F-4064-B12C-F6602E31FEEE}.Development-Release|Win32.Build.0 = Development-Release|Win32
		{6A95DCDD-FD5F-4064-B12C-F6602E31FEEE}.Development-Release|x64.ActiveCfg = Development-Release|x64
		{6A95DCDD-FD5F-4064-B12C-F6602E31FEEE}.Development-Release|x64.Build.0 = Development-Release|x64
		{6A95DCDD-FD5F-4064-B12C-F6602E31FEEE}.Publishing-Release|Win32.ActiveCfg = Publishing-Release|Win32
		{6A95DCDD-FD5F-4064-B12C-F6602E31FEEE}.Publishing-Release|Win32.Build.0 = Publishing-Release|Win32
		{6A95DCDD-FD5F-4064-B12C-F6602E31FEEE}.Publishing-Release|x64.ActiveCfg = Publishing-Release|x64
		{6A95DCDD-FD5F-4064-B12C-F6602E31FEEE}.Publishing-Release|x64.Build.0 = Publishing-Release|x64
		{6A95DCDD-FD5F-4064-B12C-F6602E31FEEE}.Test-Release|Win32.ActiveCfg = Test-Release|Win32
		{6A95DCDD-FD5F-4064-B12C-F6602E31FEEE}.Test-Release|Win32.Build.0 = Test-Release|Win32
		{6A95DCDD-FD5F-4064-B12C-F6602E31FEEE}.Test-Release|x64.ActiveCfg = Test-Release|x64
		{6A95DCDD-FD5F-4064-B12C-F6602E31FEEE}.Test-Release|x64.Build.0 = Test-Release|x64
	EndGlobalSection
	GlobalSection(SolutionProperties) = preSolution
		HideSolutionNode = FALSE
	EndGlobalSection
	GlobalSection(NestedProjects) = preSolution
		{3DA928FD-9A18-473E-8D05-F22B96A30197} = {02EA681E-C7D8-13C7-8484-4AC65E1B71E8}
		{08143144-3ABB-D7B3-815C-7A798924E8E6} = {02EA681E-C7D8-13C7-8484-4AC65E1B71E8}
		{3898C29D-83BD-406E-B891-7E2D4BDB34DF} = {02EA681E-C7D8-13C7-8484-4AC65E1B71E8}
		{14E5D475-764C-35B7-7A7F-EA9C910C41BB} = {02EA681E-C7D8-13C7-8484-4AC65E1B71E8}
		{2D83616E-813C-DB05-0623-2E25145C8CCF} = {02EA681E-C7D8-13C7-8484-4AC65E1B71E8}
		{A2C1A344-DB26-1518-2783-C64CF97DD969} = {02EA681E-C7D8-13C7-8484-4AC65E1B71E8}
		{890ED9C4-668B-65B3-D953-37D85DF155AC} = {02EA681E-C7D8-13C7-8484-4AC65E1B71E8}
		{163BA26C-1EA0-EB05-F492-C8AF046A1F46} = {02EA681E-C7D8-13C7-8484-4AC65E1B71E8}
		{32621FBE-EECA-480C-B110-57D73246398A} = {02EA681E-C7D8-13C7-8484-4AC65E1B71E8}
		{91886F0A-E405-4386-9BBA-BF011C50922F} = {02EA681E-C7D8-13C7-8484-4AC65E1B71E8}
		{D7A1B6B7-9CD7-46D2-9C42-E913F85966D4} = {02EA681E-C7D8-13C7-8484-4AC65E1B71E8}
		{23A5A14B-C2CA-4474-BC00-39C22C0CF778} = {02EA681E-C7D8-13C7-8484-4AC65E1B71E8}
		{70AE6118-3F1D-463D-8D73-3C1528E4B838} = {02EA681E-C7D8-13C7-8484-4AC65E1B71E8}
		{0C26082F-5EBC-4A4F-B700-056009698224} = {02EA681E-C7D8-13C7-8484-4AC65E1B71E8}
		{6D7FE62D-347F-4331-AD21-82672EA4E434} = {02EA681E-C7D8-13C7-8484-4AC65E1B71E8}
		{08143144-3ABB-D7B3-815C-7B798924E8E6} = {02EA681E-C7D8-13C7-8484-4AC65E1B71E8}
		{3C99EF50-7B5C-475C-9E13-F451F0D7A3A1} = {02EA681E-C7D8-13C7-8484-4AC65E1B71E8}
		{5671B4DE-DD84-4FCC-890F-D5B7F5437E42} = {02EA681E-C7D8-13C7-8484-4AC65E1B71E8}
		{8EF11F8D-FD8B-45E1-888E-CEEA5FFB316E} = {02EA681E-C7D8-13C7-8484-4AC65E1B71E8}
		{D58EB0ED-8EFA-4DB0-B2AD-B2D2A098873E} = {02EA681E-C7D8-13C7-8484-4AC65E1B71E8}
		{5605BCCC-4F89-4AF3-984F-991105C32602} = {02EA681E-C7D8-13C7-8484-4AC65E1B71E8}
		{12A5D475-264C-35B7-7C7F-EA9C310C41BB} = {02EA681E-C7D8-13C7-8484-4AC65E1B71E8}
		{F4605338-43D9-473F-AD3E-A95380C8AD56} = {02EA681E-C7D8-13C7-8484-4AC65E1B71E8}
		{9DD802E8-588E-4955-9FF8-21A0F5B06F48} = {02EA681E-C7D8-13C7-8484-4AC65E1B71E8}
		{AAC35900-B655-4C8F-A622-CA47604EDC77} = {02EA681E-C7D8-13C7-8484-4AC65E1B71E8}
		{F9E943B8-C7F9-4D0F-8C7D-96247449C7BE} = {02EA681E-C7D8-13C7-8484-4AC65E1B71E8}
		{3FA2F5A3-A442-4D06-8E63-003819CACFD8} = {02EA681E-C7D8-13C7-8484-4AC65E1B71E8}
		{67E4754D-609A-4713-B686-DBF6FBBBFC38} = {02EA681E-C7D8-13C7-8484-4AC65E1B71E8}
		{BFB6DD83-885E-4B08-A71F-BC0F90DD090E} = {02EA681E-C7D8-13C7-8484-4AC65E1B71E8}
		{039E634A-718A-4C4A-AE7C-706BABC5212B} = {02EA681E-C7D8-13C7-8484-4AC65E1B71E8}
		{E4CDFCCC-A554-41E7-ADC8-CEC5B43BD144} = {02EA681E-C7D8-13C7-8484-4AC65E1B71E8}
		{597555CF-7003-4B06-8409-C3A0AC818E59} = {02EA681E-C7D8-13C7-8484-4AC65E1B71E8}
		{457A69B6-422F-4E49-9EC0-111BF35941E1} = {02EA681E-C7D8-13C7-8484-4AC65E1B71E8}
		{51BFC834-EC5F-4F25-90DC-A2001E88B491} = {02EA681E-C7D8-13C7-8484-4AC65E1B71E8}
		{56B56CAD-A792-42A8-B7CD-7CFE9FF7D402} = {02EA681E-C7D8-13C7-8484-4AC65E1B71E8}
		{E9C6A0CB-74CC-4202-855B-FA91EBA2104B} = {02EA681E-C7D8-13C7-8484-4AC65E1B71E8}
		{ADAE0E50-F63A-4FA5-BC6A-E1D974CC2D2C} = {02EA681E-C7D8-13C7-8484-4AC65E1B71E8}
		{36D63B53-C40A-479C-94F9-FC93CBB49FEB} = {02EA681E-C7D8-13C7-8484-4AC65E1B71E8}
		{D947ACC3-CDAC-4227-8809-AABF39B1C75B} = {02EA681E-C7D8-13C7-8484-4AC65E1B71E8}
		{5DDD2903-527F-4CB2-9EEB-D4BAD4253B71} = {02EA681E-C7D8-13C7-8484-4AC65E1B71E8}
		{E25F53A3-9BC6-4E7B-B652-023FDAFF167C} = {02EA681E-C7D8-13C7-8484-4AC65E1B71E8}
		{82505EE6-0256-4E89-B64A-227E87B9BE67} = {02EA681E-C7D8-13C7-8484-4AC65E1B71E8}
		{13503E35-E42F-46B8-9342-9AAFCDE5333E} = {02EA681E-C7D8-13C7-8484-4AC65E1B71E8}
		{528D5C48-3755-4BFD-8486-45B4C8B156C2} = {02EA681E-C7D8-13C7-8484-4AC65E1B71E8}
		{3FAC4E39-0051-42AC-89D5-CA74C3D5961B} = {02EA681E-C7D8-13C7-8484-4AC65E1B71E8}
		{6CC6AE7C-9E02-4497-B397-897332ED4805} = {02EA681E-C7D8-13C7-8484-4AC65E1B71E8}
		{8066E72F-C800-45D1-ADE9-F40D23430505} = {02EA681E-C7D8-13C7-8484-4AC65E1B71E8}
		{5A0992EF-93A2-4565-86C1-11610EC27193} = {02EA681E-C7D8-13C7-8484-4AC65E1B71E8}
		{7FC545FF-0D9A-4F33-B0D2-7AF72239FBD4} = {02EA681E-C7D8-13C7-8484-4AC65E1B71E8}
		{73FD1D51-5863-4617-B48A-F1C31AF79793} = {02EA681E-C7D8-13C7-8484-4AC65E1B71E8}
		{1180032D-8EEB-4A60-B120-E838393947DF} = {02EA681E-C7D8-13C7-8484-4AC65E1B71E8}
		{B0DE12A4-5C7A-4E91-9F3B-08891303C0DE} = {02EA681E-C7D8-13C7-8484-4AC65E1B71E8}
		{17FBB4FD-8E4E-4E61-AC32-BBEBA09B8D18} = {02EA681E-C7D8-13C7-8484-4AC65E1B71E8}
		{6A95DCDD-FD5F-4064-B12C-F6602E31FEEE} = {02EA681E-C7D8-13C7-8484-4AC65E1B71E8}
	EndGlobalSection
	GlobalSection(ExtensibilityGlobals) = postSolution
		SolutionGuid = {8B799422-BA66-3174-B21F-B9FA07C4B2E3}
	EndGlobalSection
EndGlobal
